// !$*UTF8*$!
{
	archiveVersion = 1;
	classes = {
	};
	objectVersion = 46;
	objects = {

/* Begin PBXBuildFile section */
		OBJ_125 /* api.c in Sources */ = {isa = PBXBuildFile; fileRef = OBJ_78 /* api.c */; };
		OBJ_126 /* emitter.c in Sources */ = {isa = PBXBuildFile; fileRef = OBJ_79 /* emitter.c */; };
		OBJ_127 /* parser.c in Sources */ = {isa = PBXBuildFile; fileRef = OBJ_80 /* parser.c */; };
		OBJ_128 /* reader.c in Sources */ = {isa = PBXBuildFile; fileRef = OBJ_81 /* reader.c */; };
		OBJ_129 /* scanner.c in Sources */ = {isa = PBXBuildFile; fileRef = OBJ_82 /* scanner.c */; };
		OBJ_130 /* writer.c in Sources */ = {isa = PBXBuildFile; fileRef = OBJ_83 /* writer.c */; };
		OBJ_137 /* Clang_C.m in Sources */ = {isa = PBXBuildFile; fileRef = OBJ_26 /* Clang_C.m */; };
		OBJ_144 /* SWXMLHash+TypeConversion.swift in Sources */ = {isa = PBXBuildFile; fileRef = OBJ_108 /* SWXMLHash+TypeConversion.swift */; };
		OBJ_145 /* SWXMLHash.swift in Sources */ = {isa = PBXBuildFile; fileRef = OBJ_109 /* SWXMLHash.swift */; };
		OBJ_146 /* shim.swift in Sources */ = {isa = PBXBuildFile; fileRef = OBJ_110 /* shim.swift */; };
		OBJ_153 /* Package.swift in Sources */ = {isa = PBXBuildFile; fileRef = OBJ_107 /* Package.swift */; };
		OBJ_159 /* SourceKit.m in Sources */ = {isa = PBXBuildFile; fileRef = OBJ_20 /* SourceKit.m */; };
		OBJ_166 /* Clang+SourceKitten.swift in Sources */ = {isa = PBXBuildFile; fileRef = OBJ_38 /* Clang+SourceKitten.swift */; };
		OBJ_167 /* ClangTranslationUnit.swift in Sources */ = {isa = PBXBuildFile; fileRef = OBJ_39 /* ClangTranslationUnit.swift */; };
		OBJ_168 /* CodeCompletionItem.swift in Sources */ = {isa = PBXBuildFile; fileRef = OBJ_40 /* CodeCompletionItem.swift */; };
		OBJ_169 /* Dictionary+Merge.swift in Sources */ = {isa = PBXBuildFile; fileRef = OBJ_41 /* Dictionary+Merge.swift */; };
		OBJ_170 /* Documentation.swift in Sources */ = {isa = PBXBuildFile; fileRef = OBJ_42 /* Documentation.swift */; };
		OBJ_171 /* File.swift in Sources */ = {isa = PBXBuildFile; fileRef = OBJ_43 /* File.swift */; };
		OBJ_172 /* JSONOutput.swift in Sources */ = {isa = PBXBuildFile; fileRef = OBJ_44 /* JSONOutput.swift */; };
		OBJ_173 /* Language.swift in Sources */ = {isa = PBXBuildFile; fileRef = OBJ_45 /* Language.swift */; };
		OBJ_174 /* LinuxCompatibility.swift in Sources */ = {isa = PBXBuildFile; fileRef = OBJ_46 /* LinuxCompatibility.swift */; };
		OBJ_175 /* Module.swift in Sources */ = {isa = PBXBuildFile; fileRef = OBJ_47 /* Module.swift */; };
		OBJ_176 /* ObjCDeclarationKind.swift in Sources */ = {isa = PBXBuildFile; fileRef = OBJ_48 /* ObjCDeclarationKind.swift */; };
		OBJ_177 /* OffsetMap.swift in Sources */ = {isa = PBXBuildFile; fileRef = OBJ_49 /* OffsetMap.swift */; };
		OBJ_178 /* Parameter.swift in Sources */ = {isa = PBXBuildFile; fileRef = OBJ_50 /* Parameter.swift */; };
		OBJ_179 /* Request.swift in Sources */ = {isa = PBXBuildFile; fileRef = OBJ_51 /* Request.swift */; };
		OBJ_180 /* SourceDeclaration.swift in Sources */ = {isa = PBXBuildFile; fileRef = OBJ_52 /* SourceDeclaration.swift */; };
		OBJ_181 /* SourceKitObject.swift in Sources */ = {isa = PBXBuildFile; fileRef = OBJ_53 /* SourceKitObject.swift */; };
		OBJ_182 /* SourceLocation.swift in Sources */ = {isa = PBXBuildFile; fileRef = OBJ_54 /* SourceLocation.swift */; };
		OBJ_183 /* StatementKind.swift in Sources */ = {isa = PBXBuildFile; fileRef = OBJ_55 /* StatementKind.swift */; };
		OBJ_184 /* String+SourceKitten.swift in Sources */ = {isa = PBXBuildFile; fileRef = OBJ_56 /* String+SourceKitten.swift */; };
		OBJ_185 /* Structure.swift in Sources */ = {isa = PBXBuildFile; fileRef = OBJ_57 /* Structure.swift */; };
		OBJ_186 /* SwiftDeclarationAttributeKind.swift in Sources */ = {isa = PBXBuildFile; fileRef = OBJ_58 /* SwiftDeclarationAttributeKind.swift */; };
		OBJ_187 /* SwiftDeclarationKind.swift in Sources */ = {isa = PBXBuildFile; fileRef = OBJ_59 /* SwiftDeclarationKind.swift */; };
		OBJ_188 /* SwiftDocKey.swift in Sources */ = {isa = PBXBuildFile; fileRef = OBJ_60 /* SwiftDocKey.swift */; };
		OBJ_189 /* SwiftDocs.swift in Sources */ = {isa = PBXBuildFile; fileRef = OBJ_61 /* SwiftDocs.swift */; };
		OBJ_190 /* SyntaxKind.swift in Sources */ = {isa = PBXBuildFile; fileRef = OBJ_62 /* SyntaxKind.swift */; };
		OBJ_191 /* SyntaxMap.swift in Sources */ = {isa = PBXBuildFile; fileRef = OBJ_63 /* SyntaxMap.swift */; };
		OBJ_192 /* SyntaxToken.swift in Sources */ = {isa = PBXBuildFile; fileRef = OBJ_64 /* SyntaxToken.swift */; };
		OBJ_193 /* Text.swift in Sources */ = {isa = PBXBuildFile; fileRef = OBJ_65 /* Text.swift */; };
		OBJ_194 /* UID.swift in Sources */ = {isa = PBXBuildFile; fileRef = OBJ_66 /* UID.swift */; };
		OBJ_195 /* Version.swift in Sources */ = {isa = PBXBuildFile; fileRef = OBJ_67 /* Version.swift */; };
		OBJ_196 /* Xcode.swift in Sources */ = {isa = PBXBuildFile; fileRef = OBJ_68 /* Xcode.swift */; };
		OBJ_197 /* library_wrapper.swift in Sources */ = {isa = PBXBuildFile; fileRef = OBJ_69 /* library_wrapper.swift */; };
		OBJ_198 /* library_wrapper_CXString.swift in Sources */ = {isa = PBXBuildFile; fileRef = OBJ_70 /* library_wrapper_CXString.swift */; };
		OBJ_199 /* library_wrapper_Documentation.swift in Sources */ = {isa = PBXBuildFile; fileRef = OBJ_71 /* library_wrapper_Documentation.swift */; };
		OBJ_200 /* library_wrapper_Index.swift in Sources */ = {isa = PBXBuildFile; fileRef = OBJ_72 /* library_wrapper_Index.swift */; };
		OBJ_201 /* library_wrapper_sourcekitd.swift in Sources */ = {isa = PBXBuildFile; fileRef = OBJ_73 /* library_wrapper_sourcekitd.swift */; };
		OBJ_203 /* Yams.framework in Frameworks */ = {isa = PBXBuildFile; fileRef = "Yams::Yams::Product" /* Yams.framework */; };
		OBJ_204 /* CYaml.framework in Frameworks */ = {isa = PBXBuildFile; fileRef = "Yams::CYaml::Product" /* CYaml.framework */; };
		OBJ_205 /* SWXMLHash.framework in Frameworks */ = {isa = PBXBuildFile; fileRef = "SWXMLHash::SWXMLHash::Product" /* SWXMLHash.framework */; };
		OBJ_206 /* SourceKit.framework in Frameworks */ = {isa = PBXBuildFile; fileRef = "SourceKitten::SourceKit::Product" /* SourceKit.framework */; };
		OBJ_207 /* Clang_C.framework in Frameworks */ = {isa = PBXBuildFile; fileRef = "SourceKitten::Clang_C::Product" /* Clang_C.framework */; };
		OBJ_219 /* Package.swift in Sources */ = {isa = PBXBuildFile; fileRef = OBJ_74 /* Package.swift */; };
		OBJ_224 /* Constructor.swift in Sources */ = {isa = PBXBuildFile; fileRef = OBJ_89 /* Constructor.swift */; };
		OBJ_225 /* Decoder.swift in Sources */ = {isa = PBXBuildFile; fileRef = OBJ_90 /* Decoder.swift */; };
		OBJ_226 /* Emitter.swift in Sources */ = {isa = PBXBuildFile; fileRef = OBJ_91 /* Emitter.swift */; };
		OBJ_227 /* Encoder.swift in Sources */ = {isa = PBXBuildFile; fileRef = OBJ_92 /* Encoder.swift */; };
		OBJ_228 /* Mark.swift in Sources */ = {isa = PBXBuildFile; fileRef = OBJ_93 /* Mark.swift */; };
		OBJ_229 /* Node.Mapping.swift in Sources */ = {isa = PBXBuildFile; fileRef = OBJ_94 /* Node.Mapping.swift */; };
		OBJ_230 /* Node.Scalar.swift in Sources */ = {isa = PBXBuildFile; fileRef = OBJ_95 /* Node.Scalar.swift */; };
		OBJ_231 /* Node.Sequence.swift in Sources */ = {isa = PBXBuildFile; fileRef = OBJ_96 /* Node.Sequence.swift */; };
		OBJ_232 /* Node.swift in Sources */ = {isa = PBXBuildFile; fileRef = OBJ_97 /* Node.swift */; };
		OBJ_233 /* Parser.swift in Sources */ = {isa = PBXBuildFile; fileRef = OBJ_98 /* Parser.swift */; };
		OBJ_234 /* Representer.swift in Sources */ = {isa = PBXBuildFile; fileRef = OBJ_99 /* Representer.swift */; };
		OBJ_235 /* Resolver.swift in Sources */ = {isa = PBXBuildFile; fileRef = OBJ_100 /* Resolver.swift */; };
		OBJ_236 /* String+Yams.swift in Sources */ = {isa = PBXBuildFile; fileRef = OBJ_101 /* String+Yams.swift */; };
		OBJ_237 /* Tag.swift in Sources */ = {isa = PBXBuildFile; fileRef = OBJ_102 /* Tag.swift */; };
		OBJ_238 /* YamlError.swift in Sources */ = {isa = PBXBuildFile; fileRef = OBJ_103 /* YamlError.swift */; };
		OBJ_239 /* shim.swift in Sources */ = {isa = PBXBuildFile; fileRef = OBJ_104 /* shim.swift */; };
		OBJ_241 /* CYaml.framework in Frameworks */ = {isa = PBXBuildFile; fileRef = "Yams::CYaml::Product" /* CYaml.framework */; };
		OBJ_248 /* Package.swift in Sources */ = {isa = PBXBuildFile; fileRef = OBJ_105 /* Package.swift */; };
		OBJ_254 /* ABTestKeyProtocol.swift in Sources */ = {isa = PBXBuildFile; fileRef = OBJ_9 /* ABTestKeyProtocol.swift */; };
		OBJ_255 /* ABTestPatternProtocol.swift in Sources */ = {isa = PBXBuildFile; fileRef = OBJ_10 /* ABTestPatternProtocol.swift */; };
		OBJ_256 /* ABTestProtocol.swift in Sources */ = {isa = PBXBuildFile; fileRef = OBJ_11 /* ABTestProtocol.swift */; };
		OBJ_257 /* ABTesterProtocol.swift in Sources */ = {isa = PBXBuildFile; fileRef = OBJ_12 /* ABTesterProtocol.swift */; };
		OBJ_264 /* main.swift in Sources */ = {isa = PBXBuildFile; fileRef = OBJ_14 /* main.swift */; };
		OBJ_266 /* SourceKittenFramework.framework in Frameworks */ = {isa = PBXBuildFile; fileRef = "SourceKitten::SourceKittenFramework::Product" /* SourceKittenFramework.framework */; };
		OBJ_267 /* Yams.framework in Frameworks */ = {isa = PBXBuildFile; fileRef = "Yams::Yams::Product" /* Yams.framework */; };
		OBJ_268 /* CYaml.framework in Frameworks */ = {isa = PBXBuildFile; fileRef = "Yams::CYaml::Product" /* CYaml.framework */; };
		OBJ_269 /* SWXMLHash.framework in Frameworks */ = {isa = PBXBuildFile; fileRef = "SWXMLHash::SWXMLHash::Product" /* SWXMLHash.framework */; };
		OBJ_270 /* SourceKit.framework in Frameworks */ = {isa = PBXBuildFile; fileRef = "SourceKitten::SourceKit::Product" /* SourceKit.framework */; };
		OBJ_271 /* Clang_C.framework in Frameworks */ = {isa = PBXBuildFile; fileRef = "SourceKitten::Clang_C::Product" /* Clang_C.framework */; };
		OBJ_272 /* Yebisw.framework in Frameworks */ = {isa = PBXBuildFile; fileRef = "Yebisw::Yebisw::Product" /* Yebisw.framework */; };
		OBJ_285 /* Package.swift in Sources */ = {isa = PBXBuildFile; fileRef = OBJ_6 /* Package.swift */; };
/* End PBXBuildFile section */

/* Begin PBXContainerItemProxy section */
		1705FE5C21B8F10E005AB72C /* PBXContainerItemProxy */ = {
			isa = PBXContainerItemProxy;
			containerPortal = OBJ_1 /* Project object */;
			proxyType = 1;
			remoteGlobalIDString = "Yams::Yams";
			remoteInfo = Yams;
		};
		1705FE5D21B8F10E005AB72C /* PBXContainerItemProxy */ = {
			isa = PBXContainerItemProxy;
			containerPortal = OBJ_1 /* Project object */;
			proxyType = 1;
			remoteGlobalIDString = "Yams::CYaml";
			remoteInfo = CYaml;
		};
		1705FE5E21B8F10E005AB72C /* PBXContainerItemProxy */ = {
			isa = PBXContainerItemProxy;
			containerPortal = OBJ_1 /* Project object */;
			proxyType = 1;
			remoteGlobalIDString = "Yams::CYaml";
			remoteInfo = CYaml;
		};
		1705FE5F21B8F10E005AB72C /* PBXContainerItemProxy */ = {
			isa = PBXContainerItemProxy;
			containerPortal = OBJ_1 /* Project object */;
			proxyType = 1;
			remoteGlobalIDString = "SWXMLHash::SWXMLHash";
			remoteInfo = SWXMLHash;
		};
		1705FE6021B8F10E005AB72C /* PBXContainerItemProxy */ = {
			isa = PBXContainerItemProxy;
			containerPortal = OBJ_1 /* Project object */;
			proxyType = 1;
			remoteGlobalIDString = "SourceKitten::SourceKit";
			remoteInfo = SourceKit;
		};
		1705FE6121B8F10E005AB72C /* PBXContainerItemProxy */ = {
			isa = PBXContainerItemProxy;
			containerPortal = OBJ_1 /* Project object */;
			proxyType = 1;
			remoteGlobalIDString = "SourceKitten::Clang_C";
			remoteInfo = Clang_C;
		};
		1705FE6221B8F10E005AB72C /* PBXContainerItemProxy */ = {
			isa = PBXContainerItemProxy;
			containerPortal = OBJ_1 /* Project object */;
			proxyType = 1;
			remoteGlobalIDString = "SourceKitten::SourceKittenFramework";
			remoteInfo = SourceKittenFramework;
		};
		1705FE6321B8F10E005AB72C /* PBXContainerItemProxy */ = {
			isa = PBXContainerItemProxy;
			containerPortal = OBJ_1 /* Project object */;
			proxyType = 1;
			remoteGlobalIDString = "Yams::Yams";
			remoteInfo = Yams;
		};
		1705FE6421B8F10E005AB72C /* PBXContainerItemProxy */ = {
			isa = PBXContainerItemProxy;
			containerPortal = OBJ_1 /* Project object */;
			proxyType = 1;
			remoteGlobalIDString = "Yams::CYaml";
			remoteInfo = CYaml;
		};
		1705FE6521B8F10E005AB72C /* PBXContainerItemProxy */ = {
			isa = PBXContainerItemProxy;
			containerPortal = OBJ_1 /* Project object */;
			proxyType = 1;
			remoteGlobalIDString = "SWXMLHash::SWXMLHash";
			remoteInfo = SWXMLHash;
		};
		1705FE6621B8F10E005AB72C /* PBXContainerItemProxy */ = {
			isa = PBXContainerItemProxy;
			containerPortal = OBJ_1 /* Project object */;
			proxyType = 1;
			remoteGlobalIDString = "SourceKitten::SourceKit";
			remoteInfo = SourceKit;
		};
		1705FE6721B8F10E005AB72C /* PBXContainerItemProxy */ = {
			isa = PBXContainerItemProxy;
			containerPortal = OBJ_1 /* Project object */;
			proxyType = 1;
			remoteGlobalIDString = "SourceKitten::Clang_C";
			remoteInfo = Clang_C;
		};
		1705FE6821B8F10E005AB72C /* PBXContainerItemProxy */ = {
			isa = PBXContainerItemProxy;
			containerPortal = OBJ_1 /* Project object */;
			proxyType = 1;
			remoteGlobalIDString = "Yebisw::Yebisw";
			remoteInfo = Yebisw;
		};
/* End PBXContainerItemProxy section */

/* Begin PBXFileReference section */
		OBJ_10 /* ABTestPatternProtocol.swift */ = {isa = PBXFileReference; lastKnownFileType = sourcecode.swift; path = ABTestPatternProtocol.swift; sourceTree = "<group>"; };
		OBJ_100 /* Resolver.swift */ = {isa = PBXFileReference; lastKnownFileType = sourcecode.swift; path = Resolver.swift; sourceTree = "<group>"; };
		OBJ_101 /* String+Yams.swift */ = {isa = PBXFileReference; lastKnownFileType = sourcecode.swift; path = "String+Yams.swift"; sourceTree = "<group>"; };
		OBJ_102 /* Tag.swift */ = {isa = PBXFileReference; lastKnownFileType = sourcecode.swift; path = Tag.swift; sourceTree = "<group>"; };
		OBJ_103 /* YamlError.swift */ = {isa = PBXFileReference; lastKnownFileType = sourcecode.swift; path = YamlError.swift; sourceTree = "<group>"; };
		OBJ_104 /* shim.swift */ = {isa = PBXFileReference; lastKnownFileType = sourcecode.swift; path = shim.swift; sourceTree = "<group>"; };
		OBJ_105 /* Package.swift */ = {isa = PBXFileReference; explicitFileType = sourcecode.swift; name = Package.swift; path = "/Users/01014501/src/github.com/gaopin1534/Yebisw/.build/checkouts/Yams.git-8068124914099325722/Package.swift"; sourceTree = "<group>"; };
		OBJ_107 /* Package.swift */ = {isa = PBXFileReference; explicitFileType = sourcecode.swift; name = Package.swift; path = "/Users/01014501/src/github.com/gaopin1534/Yebisw/.build/checkouts/SWXMLHash.git-5776748636326364470/Package.swift"; sourceTree = "<group>"; };
		OBJ_108 /* SWXMLHash+TypeConversion.swift */ = {isa = PBXFileReference; lastKnownFileType = sourcecode.swift; path = "SWXMLHash+TypeConversion.swift"; sourceTree = "<group>"; };
		OBJ_109 /* SWXMLHash.swift */ = {isa = PBXFileReference; lastKnownFileType = sourcecode.swift; path = SWXMLHash.swift; sourceTree = "<group>"; };
		OBJ_11 /* ABTestProtocol.swift */ = {isa = PBXFileReference; lastKnownFileType = sourcecode.swift; path = ABTestProtocol.swift; sourceTree = "<group>"; };
		OBJ_110 /* shim.swift */ = {isa = PBXFileReference; lastKnownFileType = sourcecode.swift; path = shim.swift; sourceTree = "<group>"; };
		OBJ_12 /* ABTesterProtocol.swift */ = {isa = PBXFileReference; lastKnownFileType = sourcecode.swift; path = ABTesterProtocol.swift; sourceTree = "<group>"; };
		OBJ_14 /* main.swift */ = {isa = PBXFileReference; lastKnownFileType = sourcecode.swift; path = main.swift; sourceTree = "<group>"; };
		OBJ_20 /* SourceKit.m */ = {isa = PBXFileReference; lastKnownFileType = sourcecode.c.objc; path = SourceKit.m; sourceTree = "<group>"; };
		OBJ_22 /* SourceKit.h */ = {isa = PBXFileReference; lastKnownFileType = sourcecode.c.h; path = SourceKit.h; sourceTree = "<group>"; };
		OBJ_23 /* sourcekitd.h */ = {isa = PBXFileReference; lastKnownFileType = sourcecode.c.h; path = sourcekitd.h; sourceTree = "<group>"; };
		OBJ_24 /* module.modulemap */ = {isa = PBXFileReference; lastKnownFileType = "sourcecode.module-map"; name = module.modulemap; path = /Users/01014501/src/github.com/gaopin1534/Yebisw/Yebisw.xcodeproj/GeneratedModuleMap/SourceKit/module.modulemap; sourceTree = "<group>"; };
		OBJ_26 /* Clang_C.m */ = {isa = PBXFileReference; lastKnownFileType = sourcecode.c.objc; path = Clang_C.m; sourceTree = "<group>"; };
		OBJ_28 /* Index.h */ = {isa = PBXFileReference; lastKnownFileType = sourcecode.c.h; path = Index.h; sourceTree = "<group>"; };
		OBJ_29 /* BuildSystem.h */ = {isa = PBXFileReference; lastKnownFileType = sourcecode.c.h; path = BuildSystem.h; sourceTree = "<group>"; };
		OBJ_30 /* Documentation.h */ = {isa = PBXFileReference; lastKnownFileType = sourcecode.c.h; path = Documentation.h; sourceTree = "<group>"; };
		OBJ_31 /* CXCompilationDatabase.h */ = {isa = PBXFileReference; lastKnownFileType = sourcecode.c.h; path = CXCompilationDatabase.h; sourceTree = "<group>"; };
		OBJ_32 /* Clang_C.h */ = {isa = PBXFileReference; lastKnownFileType = sourcecode.c.h; path = Clang_C.h; sourceTree = "<group>"; };
		OBJ_33 /* CXErrorCode.h */ = {isa = PBXFileReference; lastKnownFileType = sourcecode.c.h; path = CXErrorCode.h; sourceTree = "<group>"; };
		OBJ_34 /* CXString.h */ = {isa = PBXFileReference; lastKnownFileType = sourcecode.c.h; path = CXString.h; sourceTree = "<group>"; };
		OBJ_35 /* Platform.h */ = {isa = PBXFileReference; lastKnownFileType = sourcecode.c.h; path = Platform.h; sourceTree = "<group>"; };
		OBJ_36 /* module.modulemap */ = {isa = PBXFileReference; lastKnownFileType = "sourcecode.module-map"; name = module.modulemap; path = /Users/01014501/src/github.com/gaopin1534/Yebisw/Yebisw.xcodeproj/GeneratedModuleMap/Clang_C/module.modulemap; sourceTree = "<group>"; };
		OBJ_38 /* Clang+SourceKitten.swift */ = {isa = PBXFileReference; lastKnownFileType = sourcecode.swift; path = "Clang+SourceKitten.swift"; sourceTree = "<group>"; };
		OBJ_39 /* ClangTranslationUnit.swift */ = {isa = PBXFileReference; lastKnownFileType = sourcecode.swift; path = ClangTranslationUnit.swift; sourceTree = "<group>"; };
		OBJ_40 /* CodeCompletionItem.swift */ = {isa = PBXFileReference; lastKnownFileType = sourcecode.swift; path = CodeCompletionItem.swift; sourceTree = "<group>"; };
		OBJ_41 /* Dictionary+Merge.swift */ = {isa = PBXFileReference; lastKnownFileType = sourcecode.swift; path = "Dictionary+Merge.swift"; sourceTree = "<group>"; };
		OBJ_42 /* Documentation.swift */ = {isa = PBXFileReference; lastKnownFileType = sourcecode.swift; path = Documentation.swift; sourceTree = "<group>"; };
		OBJ_43 /* File.swift */ = {isa = PBXFileReference; lastKnownFileType = sourcecode.swift; path = File.swift; sourceTree = "<group>"; };
		OBJ_44 /* JSONOutput.swift */ = {isa = PBXFileReference; lastKnownFileType = sourcecode.swift; path = JSONOutput.swift; sourceTree = "<group>"; };
		OBJ_45 /* Language.swift */ = {isa = PBXFileReference; lastKnownFileType = sourcecode.swift; path = Language.swift; sourceTree = "<group>"; };
		OBJ_46 /* LinuxCompatibility.swift */ = {isa = PBXFileReference; lastKnownFileType = sourcecode.swift; path = LinuxCompatibility.swift; sourceTree = "<group>"; };
		OBJ_47 /* Module.swift */ = {isa = PBXFileReference; lastKnownFileType = sourcecode.swift; path = Module.swift; sourceTree = "<group>"; };
		OBJ_48 /* ObjCDeclarationKind.swift */ = {isa = PBXFileReference; lastKnownFileType = sourcecode.swift; path = ObjCDeclarationKind.swift; sourceTree = "<group>"; };
		OBJ_49 /* OffsetMap.swift */ = {isa = PBXFileReference; lastKnownFileType = sourcecode.swift; path = OffsetMap.swift; sourceTree = "<group>"; };
		OBJ_50 /* Parameter.swift */ = {isa = PBXFileReference; lastKnownFileType = sourcecode.swift; path = Parameter.swift; sourceTree = "<group>"; };
		OBJ_51 /* Request.swift */ = {isa = PBXFileReference; lastKnownFileType = sourcecode.swift; path = Request.swift; sourceTree = "<group>"; };
		OBJ_52 /* SourceDeclaration.swift */ = {isa = PBXFileReference; lastKnownFileType = sourcecode.swift; path = SourceDeclaration.swift; sourceTree = "<group>"; };
		OBJ_53 /* SourceKitObject.swift */ = {isa = PBXFileReference; lastKnownFileType = sourcecode.swift; path = SourceKitObject.swift; sourceTree = "<group>"; };
		OBJ_54 /* SourceLocation.swift */ = {isa = PBXFileReference; lastKnownFileType = sourcecode.swift; path = SourceLocation.swift; sourceTree = "<group>"; };
		OBJ_55 /* StatementKind.swift */ = {isa = PBXFileReference; lastKnownFileType = sourcecode.swift; path = StatementKind.swift; sourceTree = "<group>"; };
		OBJ_56 /* String+SourceKitten.swift */ = {isa = PBXFileReference; lastKnownFileType = sourcecode.swift; path = "String+SourceKitten.swift"; sourceTree = "<group>"; };
		OBJ_57 /* Structure.swift */ = {isa = PBXFileReference; lastKnownFileType = sourcecode.swift; path = Structure.swift; sourceTree = "<group>"; };
		OBJ_58 /* SwiftDeclarationAttributeKind.swift */ = {isa = PBXFileReference; lastKnownFileType = sourcecode.swift; path = SwiftDeclarationAttributeKind.swift; sourceTree = "<group>"; };
		OBJ_59 /* SwiftDeclarationKind.swift */ = {isa = PBXFileReference; lastKnownFileType = sourcecode.swift; path = SwiftDeclarationKind.swift; sourceTree = "<group>"; };
		OBJ_6 /* Package.swift */ = {isa = PBXFileReference; explicitFileType = sourcecode.swift; path = Package.swift; sourceTree = "<group>"; };
		OBJ_60 /* SwiftDocKey.swift */ = {isa = PBXFileReference; lastKnownFileType = sourcecode.swift; path = SwiftDocKey.swift; sourceTree = "<group>"; };
		OBJ_61 /* SwiftDocs.swift */ = {isa = PBXFileReference; lastKnownFileType = sourcecode.swift; path = SwiftDocs.swift; sourceTree = "<group>"; };
		OBJ_62 /* SyntaxKind.swift */ = {isa = PBXFileReference; lastKnownFileType = sourcecode.swift; path = SyntaxKind.swift; sourceTree = "<group>"; };
		OBJ_63 /* SyntaxMap.swift */ = {isa = PBXFileReference; lastKnownFileType = sourcecode.swift; path = SyntaxMap.swift; sourceTree = "<group>"; };
		OBJ_64 /* SyntaxToken.swift */ = {isa = PBXFileReference; lastKnownFileType = sourcecode.swift; path = SyntaxToken.swift; sourceTree = "<group>"; };
		OBJ_65 /* Text.swift */ = {isa = PBXFileReference; lastKnownFileType = sourcecode.swift; path = Text.swift; sourceTree = "<group>"; };
		OBJ_66 /* UID.swift */ = {isa = PBXFileReference; lastKnownFileType = sourcecode.swift; path = UID.swift; sourceTree = "<group>"; };
		OBJ_67 /* Version.swift */ = {isa = PBXFileReference; lastKnownFileType = sourcecode.swift; path = Version.swift; sourceTree = "<group>"; };
		OBJ_68 /* Xcode.swift */ = {isa = PBXFileReference; lastKnownFileType = sourcecode.swift; path = Xcode.swift; sourceTree = "<group>"; };
		OBJ_69 /* library_wrapper.swift */ = {isa = PBXFileReference; lastKnownFileType = sourcecode.swift; path = library_wrapper.swift; sourceTree = "<group>"; };
		OBJ_70 /* library_wrapper_CXString.swift */ = {isa = PBXFileReference; lastKnownFileType = sourcecode.swift; path = library_wrapper_CXString.swift; sourceTree = "<group>"; };
		OBJ_71 /* library_wrapper_Documentation.swift */ = {isa = PBXFileReference; lastKnownFileType = sourcecode.swift; path = library_wrapper_Documentation.swift; sourceTree = "<group>"; };
		OBJ_72 /* library_wrapper_Index.swift */ = {isa = PBXFileReference; lastKnownFileType = sourcecode.swift; path = library_wrapper_Index.swift; sourceTree = "<group>"; };
		OBJ_73 /* library_wrapper_sourcekitd.swift */ = {isa = PBXFileReference; lastKnownFileType = sourcecode.swift; path = library_wrapper_sourcekitd.swift; sourceTree = "<group>"; };
		OBJ_74 /* Package.swift */ = {isa = PBXFileReference; explicitFileType = sourcecode.swift; name = Package.swift; path = "/Users/01014501/src/github.com/gaopin1534/Yebisw/.build/checkouts/SourceKitten.git-6484296299232452758/Package.swift"; sourceTree = "<group>"; };
		OBJ_78 /* api.c */ = {isa = PBXFileReference; lastKnownFileType = sourcecode.c.c; path = api.c; sourceTree = "<group>"; };
		OBJ_79 /* emitter.c */ = {isa = PBXFileReference; lastKnownFileType = sourcecode.c.c; path = emitter.c; sourceTree = "<group>"; };
		OBJ_80 /* parser.c */ = {isa = PBXFileReference; lastKnownFileType = sourcecode.c.c; path = parser.c; sourceTree = "<group>"; };
		OBJ_81 /* reader.c */ = {isa = PBXFileReference; lastKnownFileType = sourcecode.c.c; path = reader.c; sourceTree = "<group>"; };
		OBJ_82 /* scanner.c */ = {isa = PBXFileReference; lastKnownFileType = sourcecode.c.c; path = scanner.c; sourceTree = "<group>"; };
		OBJ_83 /* writer.c */ = {isa = PBXFileReference; lastKnownFileType = sourcecode.c.c; path = writer.c; sourceTree = "<group>"; };
		OBJ_85 /* CYaml.h */ = {isa = PBXFileReference; lastKnownFileType = sourcecode.c.h; path = CYaml.h; sourceTree = "<group>"; };
		OBJ_86 /* yaml.h */ = {isa = PBXFileReference; lastKnownFileType = sourcecode.c.h; path = yaml.h; sourceTree = "<group>"; };
		OBJ_87 /* module.modulemap */ = {isa = PBXFileReference; lastKnownFileType = "sourcecode.module-map"; name = module.modulemap; path = /Users/01014501/src/github.com/gaopin1534/Yebisw/Yebisw.xcodeproj/GeneratedModuleMap/CYaml/module.modulemap; sourceTree = "<group>"; };
		OBJ_89 /* Constructor.swift */ = {isa = PBXFileReference; lastKnownFileType = sourcecode.swift; path = Constructor.swift; sourceTree = "<group>"; };
		OBJ_9 /* ABTestKeyProtocol.swift */ = {isa = PBXFileReference; lastKnownFileType = sourcecode.swift; path = ABTestKeyProtocol.swift; sourceTree = "<group>"; };
		OBJ_90 /* Decoder.swift */ = {isa = PBXFileReference; lastKnownFileType = sourcecode.swift; path = Decoder.swift; sourceTree = "<group>"; };
		OBJ_91 /* Emitter.swift */ = {isa = PBXFileReference; lastKnownFileType = sourcecode.swift; path = Emitter.swift; sourceTree = "<group>"; };
		OBJ_92 /* Encoder.swift */ = {isa = PBXFileReference; lastKnownFileType = sourcecode.swift; path = Encoder.swift; sourceTree = "<group>"; };
		OBJ_93 /* Mark.swift */ = {isa = PBXFileReference; lastKnownFileType = sourcecode.swift; path = Mark.swift; sourceTree = "<group>"; };
		OBJ_94 /* Node.Mapping.swift */ = {isa = PBXFileReference; lastKnownFileType = sourcecode.swift; path = Node.Mapping.swift; sourceTree = "<group>"; };
		OBJ_95 /* Node.Scalar.swift */ = {isa = PBXFileReference; lastKnownFileType = sourcecode.swift; path = Node.Scalar.swift; sourceTree = "<group>"; };
		OBJ_96 /* Node.Sequence.swift */ = {isa = PBXFileReference; lastKnownFileType = sourcecode.swift; path = Node.Sequence.swift; sourceTree = "<group>"; };
		OBJ_97 /* Node.swift */ = {isa = PBXFileReference; lastKnownFileType = sourcecode.swift; path = Node.swift; sourceTree = "<group>"; };
		OBJ_98 /* Parser.swift */ = {isa = PBXFileReference; lastKnownFileType = sourcecode.swift; path = Parser.swift; sourceTree = "<group>"; };
		OBJ_99 /* Representer.swift */ = {isa = PBXFileReference; lastKnownFileType = sourcecode.swift; path = Representer.swift; sourceTree = "<group>"; };
		"SWXMLHash::SWXMLHash::Product" /* SWXMLHash.framework */ = {isa = PBXFileReference; explicitFileType = wrapper.framework; path = SWXMLHash.framework; sourceTree = BUILT_PRODUCTS_DIR; };
		"SourceKitten::Clang_C::Product" /* Clang_C.framework */ = {isa = PBXFileReference; explicitFileType = wrapper.framework; path = Clang_C.framework; sourceTree = BUILT_PRODUCTS_DIR; };
		"SourceKitten::SourceKit::Product" /* SourceKit.framework */ = {isa = PBXFileReference; explicitFileType = wrapper.framework; path = SourceKit.framework; sourceTree = BUILT_PRODUCTS_DIR; };
		"SourceKitten::SourceKittenFramework::Product" /* SourceKittenFramework.framework */ = {isa = PBXFileReference; explicitFileType = wrapper.framework; path = SourceKittenFramework.framework; sourceTree = BUILT_PRODUCTS_DIR; };
		"Yams::CYaml::Product" /* CYaml.framework */ = {isa = PBXFileReference; explicitFileType = wrapper.framework; path = CYaml.framework; sourceTree = BUILT_PRODUCTS_DIR; };
		"Yams::Yams::Product" /* Yams.framework */ = {isa = PBXFileReference; explicitFileType = wrapper.framework; path = Yams.framework; sourceTree = BUILT_PRODUCTS_DIR; };
		"Yebisw::Yebisw::Product" /* Yebisw.framework */ = {isa = PBXFileReference; explicitFileType = wrapper.framework; path = Yebisw.framework; sourceTree = BUILT_PRODUCTS_DIR; };
		"Yebisw::YebiswGen::Product" /* YebiswGen */ = {isa = PBXFileReference; lastKnownFileType = text; path = YebiswGen; sourceTree = BUILT_PRODUCTS_DIR; };
/* End PBXFileReference section */

/* Begin PBXFrameworksBuildPhase section */
		OBJ_131 /* Frameworks */ = {
			isa = PBXFrameworksBuildPhase;
			buildActionMask = 0;
			files = (
			);
			runOnlyForDeploymentPostprocessing = 0;
		};
		OBJ_138 /* Frameworks */ = {
			isa = PBXFrameworksBuildPhase;
			buildActionMask = 0;
			files = (
			);
			runOnlyForDeploymentPostprocessing = 0;
		};
		OBJ_147 /* Frameworks */ = {
			isa = PBXFrameworksBuildPhase;
			buildActionMask = 0;
			files = (
			);
			runOnlyForDeploymentPostprocessing = 0;
		};
		OBJ_160 /* Frameworks */ = {
			isa = PBXFrameworksBuildPhase;
			buildActionMask = 0;
			files = (
			);
			runOnlyForDeploymentPostprocessing = 0;
		};
		OBJ_202 /* Frameworks */ = {
			isa = PBXFrameworksBuildPhase;
			buildActionMask = 0;
			files = (
				OBJ_203 /* Yams.framework in Frameworks */,
				OBJ_204 /* CYaml.framework in Frameworks */,
				OBJ_205 /* SWXMLHash.framework in Frameworks */,
				OBJ_206 /* SourceKit.framework in Frameworks */,
				OBJ_207 /* Clang_C.framework in Frameworks */,
			);
			runOnlyForDeploymentPostprocessing = 0;
		};
		OBJ_240 /* Frameworks */ = {
			isa = PBXFrameworksBuildPhase;
			buildActionMask = 0;
			files = (
				OBJ_241 /* CYaml.framework in Frameworks */,
			);
			runOnlyForDeploymentPostprocessing = 0;
		};
		OBJ_258 /* Frameworks */ = {
			isa = PBXFrameworksBuildPhase;
			buildActionMask = 0;
			files = (
			);
			runOnlyForDeploymentPostprocessing = 0;
		};
		OBJ_265 /* Frameworks */ = {
			isa = PBXFrameworksBuildPhase;
			buildActionMask = 0;
			files = (
				OBJ_266 /* SourceKittenFramework.framework in Frameworks */,
				OBJ_267 /* Yams.framework in Frameworks */,
				OBJ_268 /* CYaml.framework in Frameworks */,
				OBJ_269 /* SWXMLHash.framework in Frameworks */,
				OBJ_270 /* SourceKit.framework in Frameworks */,
				OBJ_271 /* Clang_C.framework in Frameworks */,
				OBJ_272 /* Yebisw.framework in Frameworks */,
			);
			runOnlyForDeploymentPostprocessing = 0;
		};
/* End PBXFrameworksBuildPhase section */

/* Begin PBXGroup section */
		OBJ_106 /* SWXMLHash 4.7.5 */ = {
			isa = PBXGroup;
			children = (
				OBJ_107 /* Package.swift */,
				OBJ_108 /* SWXMLHash+TypeConversion.swift */,
				OBJ_109 /* SWXMLHash.swift */,
				OBJ_110 /* shim.swift */,
			);
			name = "SWXMLHash 4.7.5";
			path = ".build/checkouts/SWXMLHash.git-5776748636326364470/Source";
			sourceTree = SOURCE_ROOT;
		};
		OBJ_111 /* Products */ = {
			isa = PBXGroup;
			children = (
				"SourceKitten::SourceKittenFramework::Product" /* SourceKittenFramework.framework */,
				"Yams::CYaml::Product" /* CYaml.framework */,
				"SourceKitten::Clang_C::Product" /* Clang_C.framework */,
				"SWXMLHash::SWXMLHash::Product" /* SWXMLHash.framework */,
				"Yebisw::Yebisw::Product" /* Yebisw.framework */,
				"Yams::Yams::Product" /* Yams.framework */,
				"Yebisw::YebiswGen::Product" /* YebiswGen */,
				"SourceKitten::SourceKit::Product" /* SourceKit.framework */,
			);
			name = Products;
			sourceTree = BUILT_PRODUCTS_DIR;
		};
		OBJ_13 /* YebiswGen */ = {
			isa = PBXGroup;
			children = (
				OBJ_14 /* main.swift */,
			);
			name = YebiswGen;
			path = Sources/YebiswGen;
			sourceTree = SOURCE_ROOT;
		};
		OBJ_15 /* Tests */ = {
			isa = PBXGroup;
			children = (
			);
			name = Tests;
			sourceTree = SOURCE_ROOT;
		};
		OBJ_16 /* Dependencies */ = {
			isa = PBXGroup;
			children = (
				OBJ_17 /* SourceKitten 0.22.0 */,
				OBJ_75 /* Yams 1.0.1 */,
				OBJ_106 /* SWXMLHash 4.7.5 */,
			);
			name = Dependencies;
			sourceTree = "<group>";
		};
		OBJ_17 /* SourceKitten 0.22.0 */ = {
			isa = PBXGroup;
			children = (
				OBJ_18 /* sourcekitten */,
				OBJ_19 /* SourceKit */,
				OBJ_25 /* Clang_C */,
				OBJ_37 /* SourceKittenFramework */,
				OBJ_74 /* Package.swift */,
			);
			name = "SourceKitten 0.22.0";
			sourceTree = SOURCE_ROOT;
		};
		OBJ_18 /* sourcekitten */ = {
			isa = PBXGroup;
			children = (
			);
			name = sourcekitten;
			path = ".build/checkouts/SourceKitten.git-6484296299232452758/Source/sourcekitten";
			sourceTree = SOURCE_ROOT;
		};
		OBJ_19 /* SourceKit */ = {
			isa = PBXGroup;
			children = (
				OBJ_20 /* SourceKit.m */,
				OBJ_21 /* include */,
			);
			name = SourceKit;
			path = ".build/checkouts/SourceKitten.git-6484296299232452758/Source/SourceKit";
			sourceTree = SOURCE_ROOT;
		};
		OBJ_21 /* include */ = {
			isa = PBXGroup;
			children = (
				OBJ_22 /* SourceKit.h */,
				OBJ_23 /* sourcekitd.h */,
				OBJ_24 /* module.modulemap */,
			);
			path = include;
			sourceTree = "<group>";
		};
		OBJ_25 /* Clang_C */ = {
			isa = PBXGroup;
			children = (
				OBJ_26 /* Clang_C.m */,
				OBJ_27 /* include */,
			);
			name = Clang_C;
			path = ".build/checkouts/SourceKitten.git-6484296299232452758/Source/Clang_C";
			sourceTree = SOURCE_ROOT;
		};
		OBJ_27 /* include */ = {
			isa = PBXGroup;
			children = (
				OBJ_28 /* Index.h */,
				OBJ_29 /* BuildSystem.h */,
				OBJ_30 /* Documentation.h */,
				OBJ_31 /* CXCompilationDatabase.h */,
				OBJ_32 /* Clang_C.h */,
				OBJ_33 /* CXErrorCode.h */,
				OBJ_34 /* CXString.h */,
				OBJ_35 /* Platform.h */,
				OBJ_36 /* module.modulemap */,
			);
			path = include;
			sourceTree = "<group>";
		};
		OBJ_37 /* SourceKittenFramework */ = {
			isa = PBXGroup;
			children = (
				OBJ_38 /* Clang+SourceKitten.swift */,
				OBJ_39 /* ClangTranslationUnit.swift */,
				OBJ_40 /* CodeCompletionItem.swift */,
				OBJ_41 /* Dictionary+Merge.swift */,
				OBJ_42 /* Documentation.swift */,
				OBJ_43 /* File.swift */,
				OBJ_44 /* JSONOutput.swift */,
				OBJ_45 /* Language.swift */,
				OBJ_46 /* LinuxCompatibility.swift */,
				OBJ_47 /* Module.swift */,
				OBJ_48 /* ObjCDeclarationKind.swift */,
				OBJ_49 /* OffsetMap.swift */,
				OBJ_50 /* Parameter.swift */,
				OBJ_51 /* Request.swift */,
				OBJ_52 /* SourceDeclaration.swift */,
				OBJ_53 /* SourceKitObject.swift */,
				OBJ_54 /* SourceLocation.swift */,
				OBJ_55 /* StatementKind.swift */,
				OBJ_56 /* String+SourceKitten.swift */,
				OBJ_57 /* Structure.swift */,
				OBJ_58 /* SwiftDeclarationAttributeKind.swift */,
				OBJ_59 /* SwiftDeclarationKind.swift */,
				OBJ_60 /* SwiftDocKey.swift */,
				OBJ_61 /* SwiftDocs.swift */,
				OBJ_62 /* SyntaxKind.swift */,
				OBJ_63 /* SyntaxMap.swift */,
				OBJ_64 /* SyntaxToken.swift */,
				OBJ_65 /* Text.swift */,
				OBJ_66 /* UID.swift */,
				OBJ_67 /* Version.swift */,
				OBJ_68 /* Xcode.swift */,
				OBJ_69 /* library_wrapper.swift */,
				OBJ_70 /* library_wrapper_CXString.swift */,
				OBJ_71 /* library_wrapper_Documentation.swift */,
				OBJ_72 /* library_wrapper_Index.swift */,
				OBJ_73 /* library_wrapper_sourcekitd.swift */,
			);
			name = SourceKittenFramework;
			path = ".build/checkouts/SourceKitten.git-6484296299232452758/Source/SourceKittenFramework";
			sourceTree = SOURCE_ROOT;
		};
		OBJ_5 /*  */ = {
			isa = PBXGroup;
			children = (
				OBJ_6 /* Package.swift */,
				OBJ_7 /* Sources */,
				OBJ_15 /* Tests */,
				OBJ_16 /* Dependencies */,
				OBJ_111 /* Products */,
			);
			name = "";
			sourceTree = "<group>";
		};
		OBJ_7 /* Sources */ = {
			isa = PBXGroup;
			children = (
				OBJ_8 /* Yebisw */,
				OBJ_13 /* YebiswGen */,
			);
			name = Sources;
			sourceTree = SOURCE_ROOT;
		};
		OBJ_75 /* Yams 1.0.1 */ = {
			isa = PBXGroup;
			children = (
				OBJ_76 /* CYaml */,
				OBJ_88 /* Yams */,
				OBJ_105 /* Package.swift */,
			);
			name = "Yams 1.0.1";
			sourceTree = SOURCE_ROOT;
		};
		OBJ_76 /* CYaml */ = {
			isa = PBXGroup;
			children = (
				OBJ_77 /* src */,
				OBJ_84 /* include */,
			);
			name = CYaml;
			path = ".build/checkouts/Yams.git-8068124914099325722/Sources/CYaml";
			sourceTree = SOURCE_ROOT;
		};
		OBJ_77 /* src */ = {
			isa = PBXGroup;
			children = (
				OBJ_78 /* api.c */,
				OBJ_79 /* emitter.c */,
				OBJ_80 /* parser.c */,
				OBJ_81 /* reader.c */,
				OBJ_82 /* scanner.c */,
				OBJ_83 /* writer.c */,
			);
			path = src;
			sourceTree = "<group>";
		};
		OBJ_8 /* Yebisw */ = {
			isa = PBXGroup;
			children = (
				OBJ_9 /* ABTestKeyProtocol.swift */,
				OBJ_10 /* ABTestPatternProtocol.swift */,
				OBJ_11 /* ABTestProtocol.swift */,
				OBJ_12 /* ABTesterProtocol.swift */,
			);
			name = Yebisw;
			path = Sources/Yebisw;
			sourceTree = SOURCE_ROOT;
		};
		OBJ_84 /* include */ = {
			isa = PBXGroup;
			children = (
				OBJ_85 /* CYaml.h */,
				OBJ_86 /* yaml.h */,
				OBJ_87 /* module.modulemap */,
			);
			path = include;
			sourceTree = "<group>";
		};
		OBJ_88 /* Yams */ = {
			isa = PBXGroup;
			children = (
				OBJ_89 /* Constructor.swift */,
				OBJ_90 /* Decoder.swift */,
				OBJ_91 /* Emitter.swift */,
				OBJ_92 /* Encoder.swift */,
				OBJ_93 /* Mark.swift */,
				OBJ_94 /* Node.Mapping.swift */,
				OBJ_95 /* Node.Scalar.swift */,
				OBJ_96 /* Node.Sequence.swift */,
				OBJ_97 /* Node.swift */,
				OBJ_98 /* Parser.swift */,
				OBJ_99 /* Representer.swift */,
				OBJ_100 /* Resolver.swift */,
				OBJ_101 /* String+Yams.swift */,
				OBJ_102 /* Tag.swift */,
				OBJ_103 /* YamlError.swift */,
				OBJ_104 /* shim.swift */,
			);
			name = Yams;
			path = ".build/checkouts/Yams.git-8068124914099325722/Sources/Yams";
			sourceTree = SOURCE_ROOT;
		};
/* End PBXGroup section */

/* Begin PBXNativeTarget section */
		"SWXMLHash::SWXMLHash" /* SWXMLHash */ = {
			isa = PBXNativeTarget;
			buildConfigurationList = OBJ_140 /* Build configuration list for PBXNativeTarget "SWXMLHash" */;
			buildPhases = (
				OBJ_143 /* Sources */,
				OBJ_147 /* Frameworks */,
			);
			buildRules = (
			);
			dependencies = (
			);
			name = SWXMLHash;
			productName = SWXMLHash;
			productReference = "SWXMLHash::SWXMLHash::Product" /* SWXMLHash.framework */;
			productType = "com.apple.product-type.framework";
		};
		"SWXMLHash::SwiftPMPackageDescription" /* SWXMLHashPackageDescription */ = {
			isa = PBXNativeTarget;
			buildConfigurationList = OBJ_149 /* Build configuration list for PBXNativeTarget "SWXMLHashPackageDescription" */;
			buildPhases = (
				OBJ_152 /* Sources */,
			);
			buildRules = (
			);
			dependencies = (
			);
			name = SWXMLHashPackageDescription;
			productName = SWXMLHashPackageDescription;
			productType = "com.apple.product-type.framework";
		};
		"SourceKitten::Clang_C" /* Clang_C */ = {
			isa = PBXNativeTarget;
			buildConfigurationList = OBJ_133 /* Build configuration list for PBXNativeTarget "Clang_C" */;
			buildPhases = (
				OBJ_136 /* Sources */,
				OBJ_138 /* Frameworks */,
			);
			buildRules = (
			);
			dependencies = (
			);
			name = Clang_C;
			productName = Clang_C;
			productReference = "SourceKitten::Clang_C::Product" /* Clang_C.framework */;
			productType = "com.apple.product-type.framework";
		};
		"SourceKitten::SourceKit" /* SourceKit */ = {
			isa = PBXNativeTarget;
			buildConfigurationList = OBJ_155 /* Build configuration list for PBXNativeTarget "SourceKit" */;
			buildPhases = (
				OBJ_158 /* Sources */,
				OBJ_160 /* Frameworks */,
			);
			buildRules = (
			);
			dependencies = (
			);
			name = SourceKit;
			productName = SourceKit;
			productReference = "SourceKitten::SourceKit::Product" /* SourceKit.framework */;
			productType = "com.apple.product-type.framework";
		};
		"SourceKitten::SourceKittenFramework" /* SourceKittenFramework */ = {
			isa = PBXNativeTarget;
			buildConfigurationList = OBJ_162 /* Build configuration list for PBXNativeTarget "SourceKittenFramework" */;
			buildPhases = (
				OBJ_165 /* Sources */,
				OBJ_202 /* Frameworks */,
			);
			buildRules = (
			);
			dependencies = (
				OBJ_208 /* PBXTargetDependency */,
				OBJ_210 /* PBXTargetDependency */,
				OBJ_211 /* PBXTargetDependency */,
				OBJ_212 /* PBXTargetDependency */,
				OBJ_213 /* PBXTargetDependency */,
			);
			name = SourceKittenFramework;
			productName = SourceKittenFramework;
			productReference = "SourceKitten::SourceKittenFramework::Product" /* SourceKittenFramework.framework */;
			productType = "com.apple.product-type.framework";
		};
		"SourceKitten::SwiftPMPackageDescription" /* SourceKittenPackageDescription */ = {
			isa = PBXNativeTarget;
			buildConfigurationList = OBJ_215 /* Build configuration list for PBXNativeTarget "SourceKittenPackageDescription" */;
			buildPhases = (
				OBJ_218 /* Sources */,
			);
			buildRules = (
			);
			dependencies = (
			);
			name = SourceKittenPackageDescription;
			productName = SourceKittenPackageDescription;
			productType = "com.apple.product-type.framework";
		};
		"Yams::CYaml" /* CYaml */ = {
			isa = PBXNativeTarget;
			buildConfigurationList = OBJ_121 /* Build configuration list for PBXNativeTarget "CYaml" */;
			buildPhases = (
				OBJ_124 /* Sources */,
				OBJ_131 /* Frameworks */,
			);
			buildRules = (
			);
			dependencies = (
			);
			name = CYaml;
			productName = CYaml;
			productReference = "Yams::CYaml::Product" /* CYaml.framework */;
			productType = "com.apple.product-type.framework";
		};
		"Yams::SwiftPMPackageDescription" /* YamsPackageDescription */ = {
			isa = PBXNativeTarget;
			buildConfigurationList = OBJ_244 /* Build configuration list for PBXNativeTarget "YamsPackageDescription" */;
			buildPhases = (
				OBJ_247 /* Sources */,
			);
			buildRules = (
			);
			dependencies = (
			);
			name = YamsPackageDescription;
			productName = YamsPackageDescription;
			productType = "com.apple.product-type.framework";
		};
		"Yams::Yams" /* Yams */ = {
			isa = PBXNativeTarget;
			buildConfigurationList = OBJ_220 /* Build configuration list for PBXNativeTarget "Yams" */;
			buildPhases = (
				OBJ_223 /* Sources */,
				OBJ_240 /* Frameworks */,
			);
			buildRules = (
			);
			dependencies = (
				OBJ_242 /* PBXTargetDependency */,
			);
			name = Yams;
			productName = Yams;
			productReference = "Yams::Yams::Product" /* Yams.framework */;
			productType = "com.apple.product-type.framework";
		};
		"Yebisw::SwiftPMPackageDescription" /* YebiswPackageDescription */ = {
			isa = PBXNativeTarget;
			buildConfigurationList = OBJ_281 /* Build configuration list for PBXNativeTarget "YebiswPackageDescription" */;
			buildPhases = (
				OBJ_284 /* Sources */,
			);
			buildRules = (
			);
			dependencies = (
			);
			name = YebiswPackageDescription;
			productName = YebiswPackageDescription;
			productType = "com.apple.product-type.framework";
		};
		"Yebisw::Yebisw" /* Yebisw */ = {
			isa = PBXNativeTarget;
			buildConfigurationList = OBJ_250 /* Build configuration list for PBXNativeTarget "Yebisw" */;
			buildPhases = (
				OBJ_253 /* Sources */,
				OBJ_258 /* Frameworks */,
			);
			buildRules = (
			);
			dependencies = (
			);
			name = Yebisw;
			productName = Yebisw;
			productReference = "Yebisw::Yebisw::Product" /* Yebisw.framework */;
			productType = "com.apple.product-type.framework";
		};
		"Yebisw::YebiswGen" /* YebiswGen */ = {
			isa = PBXNativeTarget;
			buildConfigurationList = OBJ_260 /* Build configuration list for PBXNativeTarget "YebiswGen" */;
			buildPhases = (
				OBJ_263 /* Sources */,
				OBJ_265 /* Frameworks */,
			);
			buildRules = (
			);
			dependencies = (
				OBJ_273 /* PBXTargetDependency */,
				OBJ_274 /* PBXTargetDependency */,
				OBJ_275 /* PBXTargetDependency */,
				OBJ_276 /* PBXTargetDependency */,
				OBJ_277 /* PBXTargetDependency */,
				OBJ_278 /* PBXTargetDependency */,
				OBJ_279 /* PBXTargetDependency */,
			);
			name = YebiswGen;
			productName = YebiswGen;
			productReference = "Yebisw::YebiswGen::Product" /* YebiswGen */;
			productType = "com.apple.product-type.tool";
		};
/* End PBXNativeTarget section */

/* Begin PBXProject section */
		OBJ_1 /* Project object */ = {
			isa = PBXProject;
			attributes = {
				LastUpgradeCheck = 9999;
			};
			buildConfigurationList = OBJ_2 /* Build configuration list for PBXProject "Yebisw" */;
			compatibilityVersion = "Xcode 3.2";
			developmentRegion = English;
			hasScannedForEncodings = 0;
			knownRegions = (
				en,
			);
			mainGroup = OBJ_5 /*  */;
			productRefGroup = OBJ_111 /* Products */;
			projectDirPath = "";
			projectRoot = "";
			targets = (
				"Yams::CYaml" /* CYaml */,
				"SourceKitten::Clang_C" /* Clang_C */,
				"SWXMLHash::SWXMLHash" /* SWXMLHash */,
				"SWXMLHash::SwiftPMPackageDescription" /* SWXMLHashPackageDescription */,
				"SourceKitten::SourceKit" /* SourceKit */,
				"SourceKitten::SourceKittenFramework" /* SourceKittenFramework */,
				"SourceKitten::SwiftPMPackageDescription" /* SourceKittenPackageDescription */,
				"Yams::Yams" /* Yams */,
				"Yams::SwiftPMPackageDescription" /* YamsPackageDescription */,
				"Yebisw::Yebisw" /* Yebisw */,
				"Yebisw::YebiswGen" /* YebiswGen */,
				"Yebisw::SwiftPMPackageDescription" /* YebiswPackageDescription */,
			);
		};
/* End PBXProject section */

/* Begin PBXSourcesBuildPhase section */
		OBJ_124 /* Sources */ = {
			isa = PBXSourcesBuildPhase;
			buildActionMask = 0;
			files = (
				OBJ_125 /* api.c in Sources */,
				OBJ_126 /* emitter.c in Sources */,
				OBJ_127 /* parser.c in Sources */,
				OBJ_128 /* reader.c in Sources */,
				OBJ_129 /* scanner.c in Sources */,
				OBJ_130 /* writer.c in Sources */,
			);
			runOnlyForDeploymentPostprocessing = 0;
		};
		OBJ_136 /* Sources */ = {
			isa = PBXSourcesBuildPhase;
			buildActionMask = 0;
			files = (
				OBJ_137 /* Clang_C.m in Sources */,
			);
			runOnlyForDeploymentPostprocessing = 0;
		};
		OBJ_143 /* Sources */ = {
			isa = PBXSourcesBuildPhase;
			buildActionMask = 0;
			files = (
				OBJ_144 /* SWXMLHash+TypeConversion.swift in Sources */,
				OBJ_145 /* SWXMLHash.swift in Sources */,
				OBJ_146 /* shim.swift in Sources */,
			);
			runOnlyForDeploymentPostprocessing = 0;
		};
		OBJ_152 /* Sources */ = {
			isa = PBXSourcesBuildPhase;
			buildActionMask = 0;
			files = (
				OBJ_153 /* Package.swift in Sources */,
			);
			runOnlyForDeploymentPostprocessing = 0;
		};
		OBJ_158 /* Sources */ = {
			isa = PBXSourcesBuildPhase;
			buildActionMask = 0;
			files = (
				OBJ_159 /* SourceKit.m in Sources */,
			);
			runOnlyForDeploymentPostprocessing = 0;
		};
		OBJ_165 /* Sources */ = {
			isa = PBXSourcesBuildPhase;
			buildActionMask = 0;
			files = (
				OBJ_166 /* Clang+SourceKitten.swift in Sources */,
				OBJ_167 /* ClangTranslationUnit.swift in Sources */,
				OBJ_168 /* CodeCompletionItem.swift in Sources */,
				OBJ_169 /* Dictionary+Merge.swift in Sources */,
				OBJ_170 /* Documentation.swift in Sources */,
				OBJ_171 /* File.swift in Sources */,
				OBJ_172 /* JSONOutput.swift in Sources */,
				OBJ_173 /* Language.swift in Sources */,
				OBJ_174 /* LinuxCompatibility.swift in Sources */,
				OBJ_175 /* Module.swift in Sources */,
				OBJ_176 /* ObjCDeclarationKind.swift in Sources */,
				OBJ_177 /* OffsetMap.swift in Sources */,
				OBJ_178 /* Parameter.swift in Sources */,
				OBJ_179 /* Request.swift in Sources */,
				OBJ_180 /* SourceDeclaration.swift in Sources */,
				OBJ_181 /* SourceKitObject.swift in Sources */,
				OBJ_182 /* SourceLocation.swift in Sources */,
				OBJ_183 /* StatementKind.swift in Sources */,
				OBJ_184 /* String+SourceKitten.swift in Sources */,
				OBJ_185 /* Structure.swift in Sources */,
				OBJ_186 /* SwiftDeclarationAttributeKind.swift in Sources */,
				OBJ_187 /* SwiftDeclarationKind.swift in Sources */,
				OBJ_188 /* SwiftDocKey.swift in Sources */,
				OBJ_189 /* SwiftDocs.swift in Sources */,
				OBJ_190 /* SyntaxKind.swift in Sources */,
				OBJ_191 /* SyntaxMap.swift in Sources */,
				OBJ_192 /* SyntaxToken.swift in Sources */,
				OBJ_193 /* Text.swift in Sources */,
				OBJ_194 /* UID.swift in Sources */,
				OBJ_195 /* Version.swift in Sources */,
				OBJ_196 /* Xcode.swift in Sources */,
				OBJ_197 /* library_wrapper.swift in Sources */,
				OBJ_198 /* library_wrapper_CXString.swift in Sources */,
				OBJ_199 /* library_wrapper_Documentation.swift in Sources */,
				OBJ_200 /* library_wrapper_Index.swift in Sources */,
				OBJ_201 /* library_wrapper_sourcekitd.swift in Sources */,
			);
			runOnlyForDeploymentPostprocessing = 0;
		};
		OBJ_218 /* Sources */ = {
			isa = PBXSourcesBuildPhase;
			buildActionMask = 0;
			files = (
				OBJ_219 /* Package.swift in Sources */,
			);
			runOnlyForDeploymentPostprocessing = 0;
		};
		OBJ_223 /* Sources */ = {
			isa = PBXSourcesBuildPhase;
			buildActionMask = 0;
			files = (
				OBJ_224 /* Constructor.swift in Sources */,
				OBJ_225 /* Decoder.swift in Sources */,
				OBJ_226 /* Emitter.swift in Sources */,
				OBJ_227 /* Encoder.swift in Sources */,
				OBJ_228 /* Mark.swift in Sources */,
				OBJ_229 /* Node.Mapping.swift in Sources */,
				OBJ_230 /* Node.Scalar.swift in Sources */,
				OBJ_231 /* Node.Sequence.swift in Sources */,
				OBJ_232 /* Node.swift in Sources */,
				OBJ_233 /* Parser.swift in Sources */,
				OBJ_234 /* Representer.swift in Sources */,
				OBJ_235 /* Resolver.swift in Sources */,
				OBJ_236 /* String+Yams.swift in Sources */,
				OBJ_237 /* Tag.swift in Sources */,
				OBJ_238 /* YamlError.swift in Sources */,
				OBJ_239 /* shim.swift in Sources */,
			);
			runOnlyForDeploymentPostprocessing = 0;
		};
		OBJ_247 /* Sources */ = {
			isa = PBXSourcesBuildPhase;
			buildActionMask = 0;
			files = (
				OBJ_248 /* Package.swift in Sources */,
			);
			runOnlyForDeploymentPostprocessing = 0;
		};
		OBJ_253 /* Sources */ = {
			isa = PBXSourcesBuildPhase;
			buildActionMask = 0;
			files = (
				OBJ_254 /* ABTestKeyProtocol.swift in Sources */,
				OBJ_255 /* ABTestPatternProtocol.swift in Sources */,
				OBJ_256 /* ABTestProtocol.swift in Sources */,
				OBJ_257 /* ABTesterProtocol.swift in Sources */,
			);
			runOnlyForDeploymentPostprocessing = 0;
		};
		OBJ_263 /* Sources */ = {
			isa = PBXSourcesBuildPhase;
			buildActionMask = 0;
			files = (
				OBJ_264 /* main.swift in Sources */,
			);
			runOnlyForDeploymentPostprocessing = 0;
		};
		OBJ_284 /* Sources */ = {
			isa = PBXSourcesBuildPhase;
			buildActionMask = 0;
			files = (
				OBJ_285 /* Package.swift in Sources */,
			);
			runOnlyForDeploymentPostprocessing = 0;
		};
/* End PBXSourcesBuildPhase section */

/* Begin PBXTargetDependency section */
		OBJ_208 /* PBXTargetDependency */ = {
			isa = PBXTargetDependency;
			target = "Yams::Yams" /* Yams */;
			targetProxy = 1705FE5C21B8F10E005AB72C /* PBXContainerItemProxy */;
		};
		OBJ_210 /* PBXTargetDependency */ = {
			isa = PBXTargetDependency;
			target = "Yams::CYaml" /* CYaml */;
			targetProxy = 1705FE5E21B8F10E005AB72C /* PBXContainerItemProxy */;
		};
		OBJ_211 /* PBXTargetDependency */ = {
			isa = PBXTargetDependency;
			target = "SWXMLHash::SWXMLHash" /* SWXMLHash */;
			targetProxy = 1705FE5F21B8F10E005AB72C /* PBXContainerItemProxy */;
		};
		OBJ_212 /* PBXTargetDependency */ = {
			isa = PBXTargetDependency;
			target = "SourceKitten::SourceKit" /* SourceKit */;
			targetProxy = 1705FE6021B8F10E005AB72C /* PBXContainerItemProxy */;
		};
		OBJ_213 /* PBXTargetDependency */ = {
			isa = PBXTargetDependency;
			target = "SourceKitten::Clang_C" /* Clang_C */;
			targetProxy = 1705FE6121B8F10E005AB72C /* PBXContainerItemProxy */;
		};
		OBJ_242 /* PBXTargetDependency */ = {
			isa = PBXTargetDependency;
			target = "Yams::CYaml" /* CYaml */;
			targetProxy = 1705FE5D21B8F10E005AB72C /* PBXContainerItemProxy */;
		};
		OBJ_273 /* PBXTargetDependency */ = {
			isa = PBXTargetDependency;
			target = "SourceKitten::SourceKittenFramework" /* SourceKittenFramework */;
			targetProxy = 1705FE6221B8F10E005AB72C /* PBXContainerItemProxy */;
		};
		OBJ_274 /* PBXTargetDependency */ = {
			isa = PBXTargetDependency;
			target = "Yams::Yams" /* Yams */;
			targetProxy = 1705FE6321B8F10E005AB72C /* PBXContainerItemProxy */;
		};
		OBJ_275 /* PBXTargetDependency */ = {
			isa = PBXTargetDependency;
			target = "Yams::CYaml" /* CYaml */;
			targetProxy = 1705FE6421B8F10E005AB72C /* PBXContainerItemProxy */;
		};
		OBJ_276 /* PBXTargetDependency */ = {
			isa = PBXTargetDependency;
			target = "SWXMLHash::SWXMLHash" /* SWXMLHash */;
			targetProxy = 1705FE6521B8F10E005AB72C /* PBXContainerItemProxy */;
		};
		OBJ_277 /* PBXTargetDependency */ = {
			isa = PBXTargetDependency;
			target = "SourceKitten::SourceKit" /* SourceKit */;
			targetProxy = 1705FE6621B8F10E005AB72C /* PBXContainerItemProxy */;
		};
		OBJ_278 /* PBXTargetDependency */ = {
			isa = PBXTargetDependency;
			target = "SourceKitten::Clang_C" /* Clang_C */;
			targetProxy = 1705FE6721B8F10E005AB72C /* PBXContainerItemProxy */;
		};
		OBJ_279 /* PBXTargetDependency */ = {
			isa = PBXTargetDependency;
			target = "Yebisw::Yebisw" /* Yebisw */;
			targetProxy = 1705FE6821B8F10E005AB72C /* PBXContainerItemProxy */;
		};
/* End PBXTargetDependency section */

/* Begin XCBuildConfiguration section */
		OBJ_122 /* Debug */ = {
			isa = XCBuildConfiguration;
			buildSettings = {
				DEFINES_MODULE = NO;
				ENABLE_TESTABILITY = YES;
				FRAMEWORK_SEARCH_PATHS = (
					"$(inherited)",
					"$(PLATFORM_DIR)/Developer/Library/Frameworks",
				);
				HEADER_SEARCH_PATHS = (
					"$(inherited)",
					"$(SRCROOT)/.build/checkouts/Yams.git-8068124914099325722/Sources/CYaml/include",
				);
				INFOPLIST_FILE = Yebisw.xcodeproj/CYaml_Info.plist;
				LD_RUNPATH_SEARCH_PATHS = "$(inherited) $(TOOLCHAIN_DIR)/usr/lib/swift/macosx";
				OTHER_CFLAGS = "$(inherited)";
				OTHER_LDFLAGS = "$(inherited)";
				OTHER_SWIFT_FLAGS = "$(inherited)";
				PRODUCT_BUNDLE_IDENTIFIER = CYaml;
				PRODUCT_MODULE_NAME = "$(TARGET_NAME:c99extidentifier)";
				PRODUCT_NAME = "$(TARGET_NAME:c99extidentifier)";
				SKIP_INSTALL = YES;
				TARGET_NAME = CYaml;
			};
			name = Debug;
		};
		OBJ_123 /* Release */ = {
			isa = XCBuildConfiguration;
			buildSettings = {
				DEFINES_MODULE = NO;
				ENABLE_TESTABILITY = YES;
				FRAMEWORK_SEARCH_PATHS = (
					"$(inherited)",
					"$(PLATFORM_DIR)/Developer/Library/Frameworks",
				);
				HEADER_SEARCH_PATHS = (
					"$(inherited)",
					"$(SRCROOT)/.build/checkouts/Yams.git-8068124914099325722/Sources/CYaml/include",
				);
				INFOPLIST_FILE = Yebisw.xcodeproj/CYaml_Info.plist;
				LD_RUNPATH_SEARCH_PATHS = "$(inherited) $(TOOLCHAIN_DIR)/usr/lib/swift/macosx";
				OTHER_CFLAGS = "$(inherited)";
				OTHER_LDFLAGS = "$(inherited)";
				OTHER_SWIFT_FLAGS = "$(inherited)";
				PRODUCT_BUNDLE_IDENTIFIER = CYaml;
				PRODUCT_MODULE_NAME = "$(TARGET_NAME:c99extidentifier)";
				PRODUCT_NAME = "$(TARGET_NAME:c99extidentifier)";
				SKIP_INSTALL = YES;
				TARGET_NAME = CYaml;
			};
			name = Release;
		};
		OBJ_134 /* Debug */ = {
			isa = XCBuildConfiguration;
			buildSettings = {
				DEFINES_MODULE = NO;
				ENABLE_TESTABILITY = YES;
				FRAMEWORK_SEARCH_PATHS = (
					"$(inherited)",
					"$(PLATFORM_DIR)/Developer/Library/Frameworks",
				);
				HEADER_SEARCH_PATHS = (
					"$(inherited)",
					"$(SRCROOT)/.build/checkouts/SourceKitten.git-6484296299232452758/Source/Clang_C/include",
				);
				INFOPLIST_FILE = Yebisw.xcodeproj/Clang_C_Info.plist;
				LD_RUNPATH_SEARCH_PATHS = "$(inherited) $(TOOLCHAIN_DIR)/usr/lib/swift/macosx";
				OTHER_CFLAGS = "$(inherited)";
				OTHER_LDFLAGS = "$(inherited)";
				OTHER_SWIFT_FLAGS = "$(inherited)";
				PRODUCT_BUNDLE_IDENTIFIER = "Clang-C";
				PRODUCT_MODULE_NAME = "$(TARGET_NAME:c99extidentifier)";
				PRODUCT_NAME = "$(TARGET_NAME:c99extidentifier)";
				SKIP_INSTALL = YES;
				TARGET_NAME = Clang_C;
			};
			name = Debug;
		};
		OBJ_135 /* Release */ = {
			isa = XCBuildConfiguration;
			buildSettings = {
				DEFINES_MODULE = NO;
				ENABLE_TESTABILITY = YES;
				FRAMEWORK_SEARCH_PATHS = (
					"$(inherited)",
					"$(PLATFORM_DIR)/Developer/Library/Frameworks",
				);
				HEADER_SEARCH_PATHS = (
					"$(inherited)",
					"$(SRCROOT)/.build/checkouts/SourceKitten.git-6484296299232452758/Source/Clang_C/include",
				);
				INFOPLIST_FILE = Yebisw.xcodeproj/Clang_C_Info.plist;
				LD_RUNPATH_SEARCH_PATHS = "$(inherited) $(TOOLCHAIN_DIR)/usr/lib/swift/macosx";
				OTHER_CFLAGS = "$(inherited)";
				OTHER_LDFLAGS = "$(inherited)";
				OTHER_SWIFT_FLAGS = "$(inherited)";
				PRODUCT_BUNDLE_IDENTIFIER = "Clang-C";
				PRODUCT_MODULE_NAME = "$(TARGET_NAME:c99extidentifier)";
				PRODUCT_NAME = "$(TARGET_NAME:c99extidentifier)";
				SKIP_INSTALL = YES;
				TARGET_NAME = Clang_C;
			};
			name = Release;
		};
		OBJ_141 /* Debug */ = {
			isa = XCBuildConfiguration;
			buildSettings = {
				ENABLE_TESTABILITY = YES;
				FRAMEWORK_SEARCH_PATHS = (
					"$(inherited)",
					"$(PLATFORM_DIR)/Developer/Library/Frameworks",
				);
				HEADER_SEARCH_PATHS = "$(inherited)";
				INFOPLIST_FILE = Yebisw.xcodeproj/SWXMLHash_Info.plist;
				LD_RUNPATH_SEARCH_PATHS = "$(inherited) $(TOOLCHAIN_DIR)/usr/lib/swift/macosx";
				OTHER_CFLAGS = "$(inherited)";
				OTHER_LDFLAGS = "$(inherited)";
				OTHER_SWIFT_FLAGS = "$(inherited)";
				PRODUCT_BUNDLE_IDENTIFIER = SWXMLHash;
				PRODUCT_MODULE_NAME = "$(TARGET_NAME:c99extidentifier)";
				PRODUCT_NAME = "$(TARGET_NAME:c99extidentifier)";
				SKIP_INSTALL = YES;
				SWIFT_VERSION = 4.0;
				TARGET_NAME = SWXMLHash;
			};
			name = Debug;
		};
		OBJ_142 /* Release */ = {
			isa = XCBuildConfiguration;
			buildSettings = {
				ENABLE_TESTABILITY = YES;
				FRAMEWORK_SEARCH_PATHS = (
					"$(inherited)",
					"$(PLATFORM_DIR)/Developer/Library/Frameworks",
				);
				HEADER_SEARCH_PATHS = "$(inherited)";
				INFOPLIST_FILE = Yebisw.xcodeproj/SWXMLHash_Info.plist;
				LD_RUNPATH_SEARCH_PATHS = "$(inherited) $(TOOLCHAIN_DIR)/usr/lib/swift/macosx";
				OTHER_CFLAGS = "$(inherited)";
				OTHER_LDFLAGS = "$(inherited)";
				OTHER_SWIFT_FLAGS = "$(inherited)";
				PRODUCT_BUNDLE_IDENTIFIER = SWXMLHash;
				PRODUCT_MODULE_NAME = "$(TARGET_NAME:c99extidentifier)";
				PRODUCT_NAME = "$(TARGET_NAME:c99extidentifier)";
				SKIP_INSTALL = YES;
				SWIFT_VERSION = 4.0;
				TARGET_NAME = SWXMLHash;
			};
			name = Release;
		};
		OBJ_150 /* Debug */ = {
			isa = XCBuildConfiguration;
			buildSettings = {
				LD = /usr/bin/true;
				OTHER_SWIFT_FLAGS = "-swift-version 4 -I $(TOOLCHAIN_DIR)/usr/lib/swift/pm/4 -target x86_64-apple-macosx10.10 -sdk /Applications/Xcode.app/Contents/Developer/Platforms/MacOSX.platform/Developer/SDKs/MacOSX10.13.sdk";
				SWIFT_VERSION = 4.0;
			};
			name = Debug;
		};
		OBJ_151 /* Release */ = {
			isa = XCBuildConfiguration;
			buildSettings = {
				LD = /usr/bin/true;
				OTHER_SWIFT_FLAGS = "-swift-version 4 -I $(TOOLCHAIN_DIR)/usr/lib/swift/pm/4 -target x86_64-apple-macosx10.10 -sdk /Applications/Xcode.app/Contents/Developer/Platforms/MacOSX.platform/Developer/SDKs/MacOSX10.13.sdk";
				SWIFT_VERSION = 4.0;
			};
			name = Release;
		};
		OBJ_156 /* Debug */ = {
			isa = XCBuildConfiguration;
			buildSettings = {
				DEFINES_MODULE = NO;
				ENABLE_TESTABILITY = YES;
				FRAMEWORK_SEARCH_PATHS = (
					"$(inherited)",
					"$(PLATFORM_DIR)/Developer/Library/Frameworks",
				);
				HEADER_SEARCH_PATHS = (
					"$(inherited)",
					"$(SRCROOT)/.build/checkouts/SourceKitten.git-6484296299232452758/Source/SourceKit/include",
				);
				INFOPLIST_FILE = Yebisw.xcodeproj/SourceKit_Info.plist;
				LD_RUNPATH_SEARCH_PATHS = "$(inherited) $(TOOLCHAIN_DIR)/usr/lib/swift/macosx";
				OTHER_CFLAGS = "$(inherited)";
				OTHER_LDFLAGS = "$(inherited)";
				OTHER_SWIFT_FLAGS = "$(inherited)";
				PRODUCT_BUNDLE_IDENTIFIER = SourceKit;
				PRODUCT_MODULE_NAME = "$(TARGET_NAME:c99extidentifier)";
				PRODUCT_NAME = "$(TARGET_NAME:c99extidentifier)";
				SKIP_INSTALL = YES;
				TARGET_NAME = SourceKit;
			};
			name = Debug;
		};
		OBJ_157 /* Release */ = {
			isa = XCBuildConfiguration;
			buildSettings = {
				DEFINES_MODULE = NO;
				ENABLE_TESTABILITY = YES;
				FRAMEWORK_SEARCH_PATHS = (
					"$(inherited)",
					"$(PLATFORM_DIR)/Developer/Library/Frameworks",
				);
				HEADER_SEARCH_PATHS = (
					"$(inherited)",
					"$(SRCROOT)/.build/checkouts/SourceKitten.git-6484296299232452758/Source/SourceKit/include",
				);
				INFOPLIST_FILE = Yebisw.xcodeproj/SourceKit_Info.plist;
				LD_RUNPATH_SEARCH_PATHS = "$(inherited) $(TOOLCHAIN_DIR)/usr/lib/swift/macosx";
				OTHER_CFLAGS = "$(inherited)";
				OTHER_LDFLAGS = "$(inherited)";
				OTHER_SWIFT_FLAGS = "$(inherited)";
				PRODUCT_BUNDLE_IDENTIFIER = SourceKit;
				PRODUCT_MODULE_NAME = "$(TARGET_NAME:c99extidentifier)";
				PRODUCT_NAME = "$(TARGET_NAME:c99extidentifier)";
				SKIP_INSTALL = YES;
				TARGET_NAME = SourceKit;
			};
			name = Release;
		};
		OBJ_163 /* Debug */ = {
			isa = XCBuildConfiguration;
			buildSettings = {
				ENABLE_TESTABILITY = YES;
				FRAMEWORK_SEARCH_PATHS = (
					"$(inherited)",
					"$(PLATFORM_DIR)/Developer/Library/Frameworks",
				);
				HEADER_SEARCH_PATHS = (
					"$(inherited)",
					"$(SRCROOT)/.build/checkouts/Yams.git-8068124914099325722/Sources/CYaml/include",
					"$(SRCROOT)/.build/checkouts/SourceKitten.git-6484296299232452758/Source/SourceKit/include",
					"$(SRCROOT)/.build/checkouts/SourceKitten.git-6484296299232452758/Source/Clang_C/include",
					"$(SRCROOT)/Yebisw.xcodeproj/GeneratedModuleMap/CYaml",
					"$(SRCROOT)/Yebisw.xcodeproj/GeneratedModuleMap/SourceKit",
					"$(SRCROOT)/Yebisw.xcodeproj/GeneratedModuleMap/Clang_C",
				);
				INFOPLIST_FILE = Yebisw.xcodeproj/SourceKittenFramework_Info.plist;
				LD_RUNPATH_SEARCH_PATHS = "$(inherited) $(TOOLCHAIN_DIR)/usr/lib/swift/macosx";
				OTHER_CFLAGS = "$(inherited)";
				OTHER_LDFLAGS = "$(inherited)";
				OTHER_SWIFT_FLAGS = "$(inherited) -Xcc -fmodule-map-file=$(SRCROOT)/Yebisw.xcodeproj/GeneratedModuleMap/CYaml/module.modulemap -Xcc -fmodule-map-file=$(SRCROOT)/Yebisw.xcodeproj/GeneratedModuleMap/SourceKit/module.modulemap -Xcc -fmodule-map-file=$(SRCROOT)/Yebisw.xcodeproj/GeneratedModuleMap/Clang_C/module.modulemap";
				PRODUCT_BUNDLE_IDENTIFIER = SourceKittenFramework;
				PRODUCT_MODULE_NAME = "$(TARGET_NAME:c99extidentifier)";
				PRODUCT_NAME = "$(TARGET_NAME:c99extidentifier)";
				SKIP_INSTALL = YES;
				SWIFT_VERSION = 4.0;
				TARGET_NAME = SourceKittenFramework;
			};
			name = Debug;
		};
		OBJ_164 /* Release */ = {
			isa = XCBuildConfiguration;
			buildSettings = {
				ENABLE_TESTABILITY = YES;
				FRAMEWORK_SEARCH_PATHS = (
					"$(inherited)",
					"$(PLATFORM_DIR)/Developer/Library/Frameworks",
				);
				HEADER_SEARCH_PATHS = (
					"$(inherited)",
					"$(SRCROOT)/.build/checkouts/Yams.git-8068124914099325722/Sources/CYaml/include",
					"$(SRCROOT)/.build/checkouts/SourceKitten.git-6484296299232452758/Source/SourceKit/include",
					"$(SRCROOT)/.build/checkouts/SourceKitten.git-6484296299232452758/Source/Clang_C/include",
					"$(SRCROOT)/Yebisw.xcodeproj/GeneratedModuleMap/CYaml",
					"$(SRCROOT)/Yebisw.xcodeproj/GeneratedModuleMap/SourceKit",
					"$(SRCROOT)/Yebisw.xcodeproj/GeneratedModuleMap/Clang_C",
				);
				INFOPLIST_FILE = Yebisw.xcodeproj/SourceKittenFramework_Info.plist;
				LD_RUNPATH_SEARCH_PATHS = "$(inherited) $(TOOLCHAIN_DIR)/usr/lib/swift/macosx";
				OTHER_CFLAGS = "$(inherited)";
				OTHER_LDFLAGS = "$(inherited)";
				OTHER_SWIFT_FLAGS = "$(inherited) -Xcc -fmodule-map-file=$(SRCROOT)/Yebisw.xcodeproj/GeneratedModuleMap/CYaml/module.modulemap -Xcc -fmodule-map-file=$(SRCROOT)/Yebisw.xcodeproj/GeneratedModuleMap/SourceKit/module.modulemap -Xcc -fmodule-map-file=$(SRCROOT)/Yebisw.xcodeproj/GeneratedModuleMap/Clang_C/module.modulemap";
				PRODUCT_BUNDLE_IDENTIFIER = SourceKittenFramework;
				PRODUCT_MODULE_NAME = "$(TARGET_NAME:c99extidentifier)";
				PRODUCT_NAME = "$(TARGET_NAME:c99extidentifier)";
				SKIP_INSTALL = YES;
				SWIFT_VERSION = 4.0;
				TARGET_NAME = SourceKittenFramework;
			};
			name = Release;
		};
		OBJ_216 /* Debug */ = {
			isa = XCBuildConfiguration;
			buildSettings = {
				LD = /usr/bin/true;
				OTHER_SWIFT_FLAGS = "-swift-version 4 -I $(TOOLCHAIN_DIR)/usr/lib/swift/pm/4 -target x86_64-apple-macosx10.10 -sdk /Applications/Xcode.app/Contents/Developer/Platforms/MacOSX.platform/Developer/SDKs/MacOSX10.13.sdk";
				SWIFT_VERSION = 4.0;
			};
			name = Debug;
		};
		OBJ_217 /* Release */ = {
			isa = XCBuildConfiguration;
			buildSettings = {
				LD = /usr/bin/true;
				OTHER_SWIFT_FLAGS = "-swift-version 4 -I $(TOOLCHAIN_DIR)/usr/lib/swift/pm/4 -target x86_64-apple-macosx10.10 -sdk /Applications/Xcode.app/Contents/Developer/Platforms/MacOSX.platform/Developer/SDKs/MacOSX10.13.sdk";
				SWIFT_VERSION = 4.0;
			};
			name = Release;
		};
		OBJ_221 /* Debug */ = {
			isa = XCBuildConfiguration;
			buildSettings = {
				ENABLE_TESTABILITY = YES;
				FRAMEWORK_SEARCH_PATHS = (
					"$(inherited)",
					"$(PLATFORM_DIR)/Developer/Library/Frameworks",
				);
				HEADER_SEARCH_PATHS = (
					"$(inherited)",
					"$(SRCROOT)/.build/checkouts/Yams.git-8068124914099325722/Sources/CYaml/include",
					"$(SRCROOT)/Yebisw.xcodeproj/GeneratedModuleMap/CYaml",
				);
				INFOPLIST_FILE = Yebisw.xcodeproj/Yams_Info.plist;
				LD_RUNPATH_SEARCH_PATHS = "$(inherited) $(TOOLCHAIN_DIR)/usr/lib/swift/macosx";
				OTHER_CFLAGS = "$(inherited)";
				OTHER_LDFLAGS = "$(inherited)";
				OTHER_SWIFT_FLAGS = "$(inherited) -Xcc -fmodule-map-file=$(SRCROOT)/Yebisw.xcodeproj/GeneratedModuleMap/CYaml/module.modulemap";
				PRODUCT_BUNDLE_IDENTIFIER = Yams;
				PRODUCT_MODULE_NAME = "$(TARGET_NAME:c99extidentifier)";
				PRODUCT_NAME = "$(TARGET_NAME:c99extidentifier)";
				SKIP_INSTALL = YES;
				SWIFT_VERSION = 4.0;
				TARGET_NAME = Yams;
			};
			name = Debug;
		};
		OBJ_222 /* Release */ = {
			isa = XCBuildConfiguration;
			buildSettings = {
				ENABLE_TESTABILITY = YES;
				FRAMEWORK_SEARCH_PATHS = (
					"$(inherited)",
					"$(PLATFORM_DIR)/Developer/Library/Frameworks",
				);
				HEADER_SEARCH_PATHS = (
					"$(inherited)",
					"$(SRCROOT)/.build/checkouts/Yams.git-8068124914099325722/Sources/CYaml/include",
					"$(SRCROOT)/Yebisw.xcodeproj/GeneratedModuleMap/CYaml",
				);
				INFOPLIST_FILE = Yebisw.xcodeproj/Yams_Info.plist;
				LD_RUNPATH_SEARCH_PATHS = "$(inherited) $(TOOLCHAIN_DIR)/usr/lib/swift/macosx";
				OTHER_CFLAGS = "$(inherited)";
				OTHER_LDFLAGS = "$(inherited)";
				OTHER_SWIFT_FLAGS = "$(inherited) -Xcc -fmodule-map-file=$(SRCROOT)/Yebisw.xcodeproj/GeneratedModuleMap/CYaml/module.modulemap";
				PRODUCT_BUNDLE_IDENTIFIER = Yams;
				PRODUCT_MODULE_NAME = "$(TARGET_NAME:c99extidentifier)";
				PRODUCT_NAME = "$(TARGET_NAME:c99extidentifier)";
				SKIP_INSTALL = YES;
				SWIFT_VERSION = 4.0;
				TARGET_NAME = Yams;
			};
			name = Release;
		};
		OBJ_245 /* Debug */ = {
			isa = XCBuildConfiguration;
			buildSettings = {
				LD = /usr/bin/true;
				OTHER_SWIFT_FLAGS = "-swift-version 4 -I $(TOOLCHAIN_DIR)/usr/lib/swift/pm/4 -target x86_64-apple-macosx10.10 -sdk /Applications/Xcode.app/Contents/Developer/Platforms/MacOSX.platform/Developer/SDKs/MacOSX10.13.sdk";
				SWIFT_VERSION = 4.0;
			};
			name = Debug;
		};
		OBJ_246 /* Release */ = {
			isa = XCBuildConfiguration;
			buildSettings = {
				LD = /usr/bin/true;
				OTHER_SWIFT_FLAGS = "-swift-version 4 -I $(TOOLCHAIN_DIR)/usr/lib/swift/pm/4 -target x86_64-apple-macosx10.10 -sdk /Applications/Xcode.app/Contents/Developer/Platforms/MacOSX.platform/Developer/SDKs/MacOSX10.13.sdk";
				SWIFT_VERSION = 4.0;
			};
			name = Release;
		};
		OBJ_251 /* Debug */ = {
			isa = XCBuildConfiguration;
			buildSettings = {
				ENABLE_TESTABILITY = YES;
				FRAMEWORK_SEARCH_PATHS = (
					"$(inherited)",
					"$(PLATFORM_DIR)/Developer/Library/Frameworks",
				);
				HEADER_SEARCH_PATHS = "$(inherited)";
				INFOPLIST_FILE = Yebisw.xcodeproj/Yebisw_Info.plist;
				LD_RUNPATH_SEARCH_PATHS = "$(inherited) $(TOOLCHAIN_DIR)/usr/lib/swift/macosx";
				OTHER_CFLAGS = "$(inherited)";
				OTHER_LDFLAGS = "$(inherited)";
				OTHER_SWIFT_FLAGS = "$(inherited)";
				PRODUCT_BUNDLE_IDENTIFIER = Yebisw;
				PRODUCT_MODULE_NAME = "$(TARGET_NAME:c99extidentifier)";
				PRODUCT_NAME = "$(TARGET_NAME:c99extidentifier)";
				SKIP_INSTALL = YES;
				SWIFT_VERSION = 4.0;
				TARGET_NAME = Yebisw;
			};
			name = Debug;
		};
		OBJ_252 /* Release */ = {
			isa = XCBuildConfiguration;
			buildSettings = {
				ENABLE_TESTABILITY = YES;
				FRAMEWORK_SEARCH_PATHS = (
					"$(inherited)",
					"$(PLATFORM_DIR)/Developer/Library/Frameworks",
				);
				HEADER_SEARCH_PATHS = "$(inherited)";
				INFOPLIST_FILE = Yebisw.xcodeproj/Yebisw_Info.plist;
				LD_RUNPATH_SEARCH_PATHS = "$(inherited) $(TOOLCHAIN_DIR)/usr/lib/swift/macosx";
				OTHER_CFLAGS = "$(inherited)";
				OTHER_LDFLAGS = "$(inherited)";
				OTHER_SWIFT_FLAGS = "$(inherited)";
				PRODUCT_BUNDLE_IDENTIFIER = Yebisw;
				PRODUCT_MODULE_NAME = "$(TARGET_NAME:c99extidentifier)";
				PRODUCT_NAME = "$(TARGET_NAME:c99extidentifier)";
				SKIP_INSTALL = YES;
				SWIFT_VERSION = 4.0;
				TARGET_NAME = Yebisw;
			};
			name = Release;
		};
		OBJ_261 /* Debug */ = {
			isa = XCBuildConfiguration;
			buildSettings = {
				FRAMEWORK_SEARCH_PATHS = (
					"$(inherited)",
					"$(PLATFORM_DIR)/Developer/Library/Frameworks",
				);
				HEADER_SEARCH_PATHS = (
					"$(inherited)",
					"$(SRCROOT)/.build/checkouts/Yams.git-8068124914099325722/Sources/CYaml/include",
					"$(SRCROOT)/.build/checkouts/SourceKitten.git-6484296299232452758/Source/SourceKit/include",
					"$(SRCROOT)/.build/checkouts/SourceKitten.git-6484296299232452758/Source/Clang_C/include",
					"$(SRCROOT)/Yebisw.xcodeproj/GeneratedModuleMap/CYaml",
					"$(SRCROOT)/Yebisw.xcodeproj/GeneratedModuleMap/SourceKit",
					"$(SRCROOT)/Yebisw.xcodeproj/GeneratedModuleMap/Clang_C",
				);
				INFOPLIST_FILE = Yebisw.xcodeproj/YebiswGen_Info.plist;
				LD_RUNPATH_SEARCH_PATHS = "$(inherited) $(TOOLCHAIN_DIR)/usr/lib/swift/macosx @executable_path";
				OTHER_CFLAGS = "$(inherited)";
				OTHER_LDFLAGS = "$(inherited)";
				OTHER_SWIFT_FLAGS = "$(inherited) -Xcc -fmodule-map-file=$(SRCROOT)/Yebisw.xcodeproj/GeneratedModuleMap/CYaml/module.modulemap -Xcc -fmodule-map-file=$(SRCROOT)/Yebisw.xcodeproj/GeneratedModuleMap/SourceKit/module.modulemap -Xcc -fmodule-map-file=$(SRCROOT)/Yebisw.xcodeproj/GeneratedModuleMap/Clang_C/module.modulemap";
				SWIFT_FORCE_DYNAMIC_LINK_STDLIB = YES;
				SWIFT_FORCE_STATIC_LINK_STDLIB = NO;
				SWIFT_VERSION = 4.0;
				TARGET_NAME = YebiswGen;
			};
			name = Debug;
		};
		OBJ_262 /* Release */ = {
			isa = XCBuildConfiguration;
			buildSettings = {
				FRAMEWORK_SEARCH_PATHS = (
					"$(inherited)",
					"$(PLATFORM_DIR)/Developer/Library/Frameworks",
				);
				HEADER_SEARCH_PATHS = (
					"$(inherited)",
					"$(SRCROOT)/.build/checkouts/Yams.git-8068124914099325722/Sources/CYaml/include",
					"$(SRCROOT)/.build/checkouts/SourceKitten.git-6484296299232452758/Source/SourceKit/include",
					"$(SRCROOT)/.build/checkouts/SourceKitten.git-6484296299232452758/Source/Clang_C/include",
					"$(SRCROOT)/Yebisw.xcodeproj/GeneratedModuleMap/CYaml",
					"$(SRCROOT)/Yebisw.xcodeproj/GeneratedModuleMap/SourceKit",
					"$(SRCROOT)/Yebisw.xcodeproj/GeneratedModuleMap/Clang_C",
				);
				INFOPLIST_FILE = Yebisw.xcodeproj/YebiswGen_Info.plist;
				LD_RUNPATH_SEARCH_PATHS = "$(inherited) $(TOOLCHAIN_DIR)/usr/lib/swift/macosx @executable_path";
				OTHER_CFLAGS = "$(inherited)";
				OTHER_LDFLAGS = "$(inherited)";
				OTHER_SWIFT_FLAGS = "$(inherited) -Xcc -fmodule-map-file=$(SRCROOT)/Yebisw.xcodeproj/GeneratedModuleMap/CYaml/module.modulemap -Xcc -fmodule-map-file=$(SRCROOT)/Yebisw.xcodeproj/GeneratedModuleMap/SourceKit/module.modulemap -Xcc -fmodule-map-file=$(SRCROOT)/Yebisw.xcodeproj/GeneratedModuleMap/Clang_C/module.modulemap";
				SWIFT_FORCE_DYNAMIC_LINK_STDLIB = YES;
				SWIFT_FORCE_STATIC_LINK_STDLIB = NO;
				SWIFT_VERSION = 4.0;
				TARGET_NAME = YebiswGen;
			};
			name = Release;
		};
		OBJ_282 /* Debug */ = {
			isa = XCBuildConfiguration;
			buildSettings = {
				LD = /usr/bin/true;
				OTHER_SWIFT_FLAGS = "-swift-version 4 -I $(TOOLCHAIN_DIR)/usr/lib/swift/pm/4 -target x86_64-apple-macosx10.10 -sdk /Applications/Xcode.app/Contents/Developer/Platforms/MacOSX.platform/Developer/SDKs/MacOSX10.13.sdk";
				SWIFT_VERSION = 4.0;
			};
			name = Debug;
		};
		OBJ_283 /* Release */ = {
			isa = XCBuildConfiguration;
			buildSettings = {
				LD = /usr/bin/true;
				OTHER_SWIFT_FLAGS = "-swift-version 4 -I $(TOOLCHAIN_DIR)/usr/lib/swift/pm/4 -target x86_64-apple-macosx10.10 -sdk /Applications/Xcode.app/Contents/Developer/Platforms/MacOSX.platform/Developer/SDKs/MacOSX10.13.sdk";
				SWIFT_VERSION = 4.0;
			};
			name = Release;
		};
		OBJ_3 /* Debug */ = {
			isa = XCBuildConfiguration;
			buildSettings = {
				CLANG_ENABLE_OBJC_ARC = YES;
				COMBINE_HIDPI_IMAGES = YES;
				COPY_PHASE_STRIP = NO;
				DEBUG_INFORMATION_FORMAT = dwarf;
				DYLIB_INSTALL_NAME_BASE = "@rpath";
				ENABLE_NS_ASSERTIONS = YES;
				GCC_OPTIMIZATION_LEVEL = 0;
				MACOSX_DEPLOYMENT_TARGET = 10.10;
				ONLY_ACTIVE_ARCH = YES;
				OTHER_SWIFT_FLAGS = "-DXcode";
				PRODUCT_NAME = "$(TARGET_NAME)";
				SDKROOT = macosx;
				SUPPORTED_PLATFORMS = "macosx iphoneos iphonesimulator appletvos appletvsimulator watchos watchsimulator";
				SWIFT_ACTIVE_COMPILATION_CONDITIONS = SWIFT_PACKAGE;
				SWIFT_OPTIMIZATION_LEVEL = "-Onone";
				USE_HEADERMAP = NO;
			};
			name = Debug;
		};
		OBJ_4 /* Release */ = {
			isa = XCBuildConfiguration;
			buildSettings = {
				CLANG_ENABLE_OBJC_ARC = YES;
				COMBINE_HIDPI_IMAGES = YES;
				COPY_PHASE_STRIP = YES;
				DEBUG_INFORMATION_FORMAT = "dwarf-with-dsym";
				DYLIB_INSTALL_NAME_BASE = "@rpath";
				GCC_OPTIMIZATION_LEVEL = s;
				MACOSX_DEPLOYMENT_TARGET = 10.10;
				OTHER_SWIFT_FLAGS = "-DXcode";
				PRODUCT_NAME = "$(TARGET_NAME)";
				SDKROOT = macosx;
				SUPPORTED_PLATFORMS = "macosx iphoneos iphonesimulator appletvos appletvsimulator watchos watchsimulator";
				SWIFT_ACTIVE_COMPILATION_CONDITIONS = SWIFT_PACKAGE;
				SWIFT_OPTIMIZATION_LEVEL = "-Owholemodule";
				USE_HEADERMAP = NO;
			};
			name = Release;
		};
/* End XCBuildConfiguration section */

/* Begin XCConfigurationList section */
		OBJ_121 /* Build configuration list for PBXNativeTarget "CYaml" */ = {
			isa = XCConfigurationList;
			buildConfigurations = (
				OBJ_122 /* Debug */,
				OBJ_123 /* Release */,
			);
			defaultConfigurationIsVisible = 0;
			defaultConfigurationName = Release;
		};
		OBJ_133 /* Build configuration list for PBXNativeTarget "Clang_C" */ = {
			isa = XCConfigurationList;
			buildConfigurations = (
				OBJ_134 /* Debug */,
				OBJ_135 /* Release */,
			);
			defaultConfigurationIsVisible = 0;
			defaultConfigurationName = Release;
		};
		OBJ_140 /* Build configuration list for PBXNativeTarget "SWXMLHash" */ = {
			isa = XCConfigurationList;
			buildConfigurations = (
				OBJ_141 /* Debug */,
				OBJ_142 /* Release */,
			);
			defaultConfigurationIsVisible = 0;
			defaultConfigurationName = Release;
		};
		OBJ_149 /* Build configuration list for PBXNativeTarget "SWXMLHashPackageDescription" */ = {
			isa = XCConfigurationList;
			buildConfigurations = (
				OBJ_150 /* Debug */,
				OBJ_151 /* Release */,
			);
			defaultConfigurationIsVisible = 0;
			defaultConfigurationName = Release;
		};
		OBJ_155 /* Build configuration list for PBXNativeTarget "SourceKit" */ = {
			isa = XCConfigurationList;
			buildConfigurations = (
				OBJ_156 /* Debug */,
				OBJ_157 /* Release */,
			);
			defaultConfigurationIsVisible = 0;
			defaultConfigurationName = Release;
		};
		OBJ_162 /* Build configuration list for PBXNativeTarget "SourceKittenFramework" */ = {
			isa = XCConfigurationList;
			buildConfigurations = (
				OBJ_163 /* Debug */,
				OBJ_164 /* Release */,
			);
			defaultConfigurationIsVisible = 0;
			defaultConfigurationName = Release;
		};
		OBJ_2 /* Build configuration list for PBXProject "Yebisw" */ = {
			isa = XCConfigurationList;
			buildConfigurations = (
				OBJ_3 /* Debug */,
				OBJ_4 /* Release */,
			);
			defaultConfigurationIsVisible = 0;
			defaultConfigurationName = Release;
		};
		OBJ_215 /* Build configuration list for PBXNativeTarget "SourceKittenPackageDescription" */ = {
			isa = XCConfigurationList;
			buildConfigurations = (
				OBJ_216 /* Debug */,
				OBJ_217 /* Release */,
			);
			defaultConfigurationIsVisible = 0;
			defaultConfigurationName = Release;
		};
		OBJ_220 /* Build configuration list for PBXNativeTarget "Yams" */ = {
			isa = XCConfigurationList;
			buildConfigurations = (
				OBJ_221 /* Debug */,
				OBJ_222 /* Release */,
			);
			defaultConfigurationIsVisible = 0;
			defaultConfigurationName = Release;
		};
		OBJ_244 /* Build configuration list for PBXNativeTarget "YamsPackageDescription" */ = {
			isa = XCConfigurationList;
			buildConfigurations = (
				OBJ_245 /* Debug */,
				OBJ_246 /* Release */,
			);
			defaultConfigurationIsVisible = 0;
			defaultConfigurationName = Release;
		};
		OBJ_250 /* Build configuration list for PBXNativeTarget "Yebisw" */ = {
			isa = XCConfigurationList;
			buildConfigurations = (
				OBJ_251 /* Debug */,
				OBJ_252 /* Release */,
			);
			defaultConfigurationIsVisible = 0;
			defaultConfigurationName = Release;
		};
		OBJ_260 /* Build configuration list for PBXNativeTarget "YebiswGen" */ = {
			isa = XCConfigurationList;
			buildConfigurations = (
				OBJ_261 /* Debug */,
				OBJ_262 /* Release */,
			);
			defaultConfigurationIsVisible = 0;
			defaultConfigurationName = Release;
		};
		OBJ_281 /* Build configuration list for PBXNativeTarget "YebiswPackageDescription" */ = {
			isa = XCConfigurationList;
			buildConfigurations = (
				OBJ_282 /* Debug */,
				OBJ_283 /* Release */,
			);
			defaultConfigurationIsVisible = 0;
			defaultConfigurationName = Release;
		};
/* End XCConfigurationList section */
	};
	rootObject = OBJ_1 /* Project object */;
}
