// !$*UTF8*$!
{
	archiveVersion = 1;
	classes = {
	};
	objectVersion = 48;
	objects = {

/* Begin PBXBuildFile section */
		17F60EB9200D9D760013C826 /* Yebisw.framework in Frameworks */ = {isa = PBXBuildFile; fileRef = 17F60EAF200D9D760013C826 /* Yebisw.framework */; };
		17F60EBE200D9D760013C826 /* YebiswTests.swift in Sources */ = {isa = PBXBuildFile; fileRef = 17F60EBD200D9D760013C826 /* YebiswTests.swift */; };
		17F60EC0200D9D760013C826 /* Yebisw.h in Headers */ = {isa = PBXBuildFile; fileRef = 17F60EB2200D9D760013C826 /* Yebisw.h */; settings = {ATTRIBUTES = (Public, ); }; };
		B231F8962041785A00728E63 /* ABTestPatternProtocol.swift in Sources */ = {isa = PBXBuildFile; fileRef = B231F8922041785A00728E63 /* ABTestPatternProtocol.swift */; };
		B231F8972041785A00728E63 /* ABTestProtocol.swift in Sources */ = {isa = PBXBuildFile; fileRef = B231F8932041785A00728E63 /* ABTestProtocol.swift */; };
		B231F8982041785A00728E63 /* ABTestObjectProtocol.swift in Sources */ = {isa = PBXBuildFile; fileRef = B231F8942041785A00728E63 /* ABTestObjectProtocol.swift */; };
		B231F8992041785A00728E63 /* ABTestKeyProtocol.swift in Sources */ = {isa = PBXBuildFile; fileRef = B231F8952041785A00728E63 /* ABTestKeyProtocol.swift */; };
		B231F8C620417EDA00728E63 /* YebiswGenSupport.framework in Frameworks */ = {isa = PBXBuildFile; fileRef = B231F8A320417DD700728E63 /* YebiswGenSupport.framework */; };
		B231F8C720417EE000728E63 /* Yebisw.framework in Frameworks */ = {isa = PBXBuildFile; fileRef = 17F60EAF200D9D760013C826 /* Yebisw.framework */; };
		B231F8CB20417F5B00728E63 /* SourceKittenFramework.framework in Frameworks */ = {isa = PBXBuildFile; fileRef = B231F8C820417F5B00728E63 /* SourceKittenFramework.framework */; };
		B231F8CC20417F5B00728E63 /* SWXMLHash.framework in Frameworks */ = {isa = PBXBuildFile; fileRef = B231F8C920417F5B00728E63 /* SWXMLHash.framework */; };
		B231F8CD20417F5B00728E63 /* Yams.framework in Frameworks */ = {isa = PBXBuildFile; fileRef = B231F8CA20417F5B00728E63 /* Yams.framework */; };
		B231F8CF204180E600728E63 /* main.swift in Sources */ = {isa = PBXBuildFile; fileRef = B231F8CE204180E600728E63 /* main.swift */; };
/* End PBXBuildFile section */

/* Begin PBXContainerItemProxy section */
		17F60EBA200D9D760013C826 /* PBXContainerItemProxy */ = {
			isa = PBXContainerItemProxy;
			containerPortal = 17F60EA6200D9D760013C826 /* Project object */;
			proxyType = 1;
			remoteGlobalIDString = 17F60EAE200D9D760013C826;
			remoteInfo = Yebisw;
		};
/* End PBXContainerItemProxy section */

/* Begin PBXCopyFilesBuildPhase section */
		B231F8BC20417E2E00728E63 /* CopyFiles */ = {
			isa = PBXCopyFilesBuildPhase;
			buildActionMask = 2147483647;
			dstPath = /usr/share/man/man1/;
			dstSubfolderSpec = 0;
			files = (
			);
			runOnlyForDeploymentPostprocessing = 1;
		};
/* End PBXCopyFilesBuildPhase section */

/* Begin PBXFileReference section */
		17F60EAF200D9D760013C826 /* Yebisw.framework */ = {isa = PBXFileReference; explicitFileType = wrapper.framework; includeInIndex = 0; path = Yebisw.framework; sourceTree = BUILT_PRODUCTS_DIR; };
		17F60EB2200D9D760013C826 /* Yebisw.h */ = {isa = PBXFileReference; lastKnownFileType = sourcecode.c.h; path = Yebisw.h; sourceTree = "<group>"; };
		17F60EB3200D9D760013C826 /* Yebisw-Info.plist */ = {isa = PBXFileReference; lastKnownFileType = text.plist.xml; path = "Yebisw-Info.plist"; sourceTree = "<group>"; };
		17F60EB8200D9D760013C826 /* YebiswTests.xctest */ = {isa = PBXFileReference; explicitFileType = wrapper.cfbundle; includeInIndex = 0; path = YebiswTests.xctest; sourceTree = BUILT_PRODUCTS_DIR; };
		17F60EBD200D9D760013C826 /* YebiswTests.swift */ = {isa = PBXFileReference; lastKnownFileType = sourcecode.swift; path = YebiswTests.swift; sourceTree = "<group>"; };
		17F60EBF200D9D760013C826 /* Info.plist */ = {isa = PBXFileReference; lastKnownFileType = text.plist.xml; path = Info.plist; sourceTree = "<group>"; };
		B231F8922041785A00728E63 /* ABTestPatternProtocol.swift */ = {isa = PBXFileReference; fileEncoding = 4; lastKnownFileType = sourcecode.swift; path = ABTestPatternProtocol.swift; sourceTree = "<group>"; };
		B231F8932041785A00728E63 /* ABTestProtocol.swift */ = {isa = PBXFileReference; fileEncoding = 4; lastKnownFileType = sourcecode.swift; path = ABTestProtocol.swift; sourceTree = "<group>"; };
		B231F8942041785A00728E63 /* ABTestObjectProtocol.swift */ = {isa = PBXFileReference; fileEncoding = 4; lastKnownFileType = sourcecode.swift; path = ABTestObjectProtocol.swift; sourceTree = "<group>"; };
		B231F8952041785A00728E63 /* ABTestKeyProtocol.swift */ = {isa = PBXFileReference; fileEncoding = 4; lastKnownFileType = sourcecode.swift; path = ABTestKeyProtocol.swift; sourceTree = "<group>"; };
		B231F8A320417DD700728E63 /* YebiswGenSupport.framework */ = {isa = PBXFileReference; explicitFileType = wrapper.framework; includeInIndex = 0; path = YebiswGenSupport.framework; sourceTree = BUILT_PRODUCTS_DIR; };
		B231F8BE20417E2E00728E63 /* yebiswgen */ = {isa = PBXFileReference; explicitFileType = "compiled.mach-o.executable"; includeInIndex = 0; path = yebiswgen; sourceTree = BUILT_PRODUCTS_DIR; };
		B231F8C820417F5B00728E63 /* SourceKittenFramework.framework */ = {isa = PBXFileReference; lastKnownFileType = wrapper.framework; name = SourceKittenFramework.framework; path = ../../../../../../Downloads/Carthage/Build/Mac/SourceKittenFramework.framework; sourceTree = "<group>"; };
		B231F8C920417F5B00728E63 /* SWXMLHash.framework */ = {isa = PBXFileReference; lastKnownFileType = wrapper.framework; name = SWXMLHash.framework; path = ../../../../../../Downloads/Carthage/Build/Mac/SWXMLHash.framework; sourceTree = "<group>"; };
		B231F8CA20417F5B00728E63 /* Yams.framework */ = {isa = PBXFileReference; lastKnownFileType = wrapper.framework; name = Yams.framework; path = ../../../../../../Downloads/Carthage/Build/Mac/Yams.framework; sourceTree = "<group>"; };
		B231F8CE204180E600728E63 /* main.swift */ = {isa = PBXFileReference; lastKnownFileType = sourcecode.swift; path = main.swift; sourceTree = "<group>"; };
		B2E4442A20418914003CA84A /* Yebisw.xcconfig */ = {isa = PBXFileReference; lastKnownFileType = text.xcconfig; path = Yebisw.xcconfig; sourceTree = "<group>"; };
/* End PBXFileReference section */

/* Begin PBXFrameworksBuildPhase section */
		17F60EAB200D9D760013C826 /* Frameworks */ = {
			isa = PBXFrameworksBuildPhase;
			buildActionMask = 2147483647;
			files = (
			);
			runOnlyForDeploymentPostprocessing = 0;
		};
		17F60EB5200D9D760013C826 /* Frameworks */ = {
			isa = PBXFrameworksBuildPhase;
			buildActionMask = 2147483647;
			files = (
				17F60EB9200D9D760013C826 /* Yebisw.framework in Frameworks */,
			);
			runOnlyForDeploymentPostprocessing = 0;
		};
		B231F89F20417DD700728E63 /* Frameworks */ = {
			isa = PBXFrameworksBuildPhase;
			buildActionMask = 2147483647;
			files = (
				B231F8CD20417F5B00728E63 /* Yams.framework in Frameworks */,
				B231F8C720417EE000728E63 /* Yebisw.framework in Frameworks */,
				B231F8CB20417F5B00728E63 /* SourceKittenFramework.framework in Frameworks */,
				B231F8CC20417F5B00728E63 /* SWXMLHash.framework in Frameworks */,
			);
			runOnlyForDeploymentPostprocessing = 0;
		};
		B231F8BB20417E2E00728E63 /* Frameworks */ = {
			isa = PBXFrameworksBuildPhase;
			buildActionMask = 2147483647;
			files = (
				B231F8C620417EDA00728E63 /* YebiswGenSupport.framework in Frameworks */,
			);
			runOnlyForDeploymentPostprocessing = 0;
		};
/* End PBXFrameworksBuildPhase section */

/* Begin PBXGroup section */
		17F60EA5200D9D760013C826 = {
			isa = PBXGroup;
			children = (
				B2E44429204188E5003CA84A /* SupportingFiles */,
				17F60EB1200D9D760013C826 /* Sources */,
				B231F89B204178BD00728E63 /* Frameworks */,
				17F60EBC200D9D760013C826 /* YebiswTests */,
				17F60EB0200D9D760013C826 /* Products */,
			);
			sourceTree = "<group>";
		};
		17F60EB0200D9D760013C826 /* Products */ = {
			isa = PBXGroup;
			children = (
				17F60EAF200D9D760013C826 /* Yebisw.framework */,
				17F60EB8200D9D760013C826 /* YebiswTests.xctest */,
				B231F8A320417DD700728E63 /* YebiswGenSupport.framework */,
				B231F8BE20417E2E00728E63 /* yebiswgen */,
			);
			name = Products;
			sourceTree = "<group>";
		};
		17F60EB1200D9D760013C826 /* Sources */ = {
			isa = PBXGroup;
			children = (
				B231F89D20417D4B00728E63 /* yebiswgen */,
				B231F89C20417D0F00728E63 /* YebiswGenSupport */,
				B231F8912041783B00728E63 /* Yebisw */,
				17F60EB2200D9D760013C826 /* Yebisw.h */,
			);
			path = Sources;
			sourceTree = "<group>";
		};
		17F60EBC200D9D760013C826 /* YebiswTests */ = {
			isa = PBXGroup;
			children = (
				17F60EBD200D9D760013C826 /* YebiswTests.swift */,
				17F60EBF200D9D760013C826 /* Info.plist */,
			);
			path = YebiswTests;
			sourceTree = "<group>";
		};
		B231F8912041783B00728E63 /* Yebisw */ = {
			isa = PBXGroup;
			children = (
				B231F8952041785A00728E63 /* ABTestKeyProtocol.swift */,
				B231F8942041785A00728E63 /* ABTestObjectProtocol.swift */,
				B231F8922041785A00728E63 /* ABTestPatternProtocol.swift */,
				B231F8932041785A00728E63 /* ABTestProtocol.swift */,
			);
			path = Yebisw;
			sourceTree = "<group>";
		};
		B231F89B204178BD00728E63 /* Frameworks */ = {
			isa = PBXGroup;
			children = (
				B231F8C820417F5B00728E63 /* SourceKittenFramework.framework */,
				B231F8C920417F5B00728E63 /* SWXMLHash.framework */,
				B231F8CA20417F5B00728E63 /* Yams.framework */,
			);
			path = Frameworks;
			sourceTree = "<group>";
		};
		B231F89C20417D0F00728E63 /* YebiswGenSupport */ = {
			isa = PBXGroup;
			children = (
			);
			path = YebiswGenSupport;
			sourceTree = "<group>";
		};
		B231F89D20417D4B00728E63 /* yebiswgen */ = {
			isa = PBXGroup;
			children = (
				B231F8CE204180E600728E63 /* main.swift */,
			);
			path = yebiswgen;
			sourceTree = "<group>";
		};
		B2E44429204188E5003CA84A /* SupportingFiles */ = {
			isa = PBXGroup;
			children = (
				17F60EB3200D9D760013C826 /* Yebisw-Info.plist */,
				B2E4442A20418914003CA84A /* Yebisw.xcconfig */,
			);
			path = SupportingFiles;
			sourceTree = "<group>";
		};
/* End PBXGroup section */

/* Begin PBXHeadersBuildPhase section */
		17F60EAC200D9D760013C826 /* Headers */ = {
			isa = PBXHeadersBuildPhase;
			buildActionMask = 2147483647;
			files = (
				17F60EC0200D9D760013C826 /* Yebisw.h in Headers */,
			);
			runOnlyForDeploymentPostprocessing = 0;
		};
		B231F8A020417DD700728E63 /* Headers */ = {
			isa = PBXHeadersBuildPhase;
			buildActionMask = 2147483647;
			files = (
			);
			runOnlyForDeploymentPostprocessing = 0;
		};
/* End PBXHeadersBuildPhase section */

/* Begin PBXNativeTarget section */
		17F60EAE200D9D760013C826 /* Yebisw */ = {
			isa = PBXNativeTarget;
			buildConfigurationList = 17F60EC3200D9D760013C826 /* Build configuration list for PBXNativeTarget "Yebisw" */;
			buildPhases = (
				17F60EAA200D9D760013C826 /* Sources */,
				17F60EAB200D9D760013C826 /* Frameworks */,
				17F60EAC200D9D760013C826 /* Headers */,
				17F60EAD200D9D760013C826 /* Resources */,
			);
			buildRules = (
			);
			dependencies = (
			);
			name = Yebisw;
			productName = Yebisw;
			productReference = 17F60EAF200D9D760013C826 /* Yebisw.framework */;
			productType = "com.apple.product-type.framework";
		};
		17F60EB7200D9D760013C826 /* YebiswTests */ = {
			isa = PBXNativeTarget;
			buildConfigurationList = 17F60EC6200D9D760013C826 /* Build configuration list for PBXNativeTarget "YebiswTests" */;
			buildPhases = (
				17F60EB4200D9D760013C826 /* Sources */,
				17F60EB5200D9D760013C826 /* Frameworks */,
				17F60EB6200D9D760013C826 /* Resources */,
			);
			buildRules = (
			);
			dependencies = (
				17F60EBB200D9D760013C826 /* PBXTargetDependency */,
			);
			name = YebiswTests;
			productName = YebiswTests;
			productReference = 17F60EB8200D9D760013C826 /* YebiswTests.xctest */;
			productType = "com.apple.product-type.bundle.unit-test";
		};
		B231F8A220417DD700728E63 /* YebiswGenSupport */ = {
			isa = PBXNativeTarget;
			buildConfigurationList = B231F8B420417DD800728E63 /* Build configuration list for PBXNativeTarget "YebiswGenSupport" */;
			buildPhases = (
				B231F89E20417DD700728E63 /* Sources */,
				B231F89F20417DD700728E63 /* Frameworks */,
				B231F8A020417DD700728E63 /* Headers */,
				B231F8A120417DD700728E63 /* Resources */,
			);
			buildRules = (
			);
			dependencies = (
			);
			name = YebiswGenSupport;
			productName = YebiswGenSupport;
			productReference = B231F8A320417DD700728E63 /* YebiswGenSupport.framework */;
			productType = "com.apple.product-type.framework";
		};
		B231F8BD20417E2E00728E63 /* yebiswgen */ = {
			isa = PBXNativeTarget;
			buildConfigurationList = B231F8C220417E2E00728E63 /* Build configuration list for PBXNativeTarget "yebiswgen" */;
			buildPhases = (
				B231F8BA20417E2E00728E63 /* Sources */,
				B231F8BB20417E2E00728E63 /* Frameworks */,
				B231F8BC20417E2E00728E63 /* CopyFiles */,
			);
			buildRules = (
			);
			dependencies = (
			);
			name = yebiswgen;
			productName = yebiswgen;
			productReference = B231F8BE20417E2E00728E63 /* yebiswgen */;
			productType = "com.apple.product-type.tool";
		};
/* End PBXNativeTarget section */

/* Begin PBXProject section */
		17F60EA6200D9D760013C826 /* Project object */ = {
			isa = PBXProject;
			attributes = {
				LastSwiftUpdateCheck = 0920;
				LastUpgradeCheck = 0900;
				ORGANIZATIONNAME = "高松　幸平";
				TargetAttributes = {
					17F60EAE200D9D760013C826 = {
						CreatedOnToolsVersion = 9.0;
						LastSwiftMigration = 0920;
						ProvisioningStyle = Automatic;
					};
					17F60EB7200D9D760013C826 = {
						CreatedOnToolsVersion = 9.0;
						ProvisioningStyle = Automatic;
					};
					B231F8A220417DD700728E63 = {
						CreatedOnToolsVersion = 9.2;
						ProvisioningStyle = Automatic;
					};
					B231F8BD20417E2E00728E63 = {
						CreatedOnToolsVersion = 9.2;
						LastSwiftMigration = 0920;
						ProvisioningStyle = Automatic;
					};
				};
			};
			buildConfigurationList = 17F60EA9200D9D760013C826 /* Build configuration list for PBXProject "Yebisw" */;
			compatibilityVersion = "Xcode 8.0";
			developmentRegion = en;
			hasScannedForEncodings = 0;
			knownRegions = (
				en,
			);
			mainGroup = 17F60EA5200D9D760013C826;
			productRefGroup = 17F60EB0200D9D760013C826 /* Products */;
			projectDirPath = "";
			projectRoot = "";
			targets = (
				17F60EAE200D9D760013C826 /* Yebisw */,
				17F60EB7200D9D760013C826 /* YebiswTests */,
				B231F8A220417DD700728E63 /* YebiswGenSupport */,
				B231F8BD20417E2E00728E63 /* yebiswgen */,
			);
		};
/* End PBXProject section */

/* Begin PBXResourcesBuildPhase section */
		17F60EAD200D9D760013C826 /* Resources */ = {
			isa = PBXResourcesBuildPhase;
			buildActionMask = 2147483647;
			files = (
			);
			runOnlyForDeploymentPostprocessing = 0;
		};
		17F60EB6200D9D760013C826 /* Resources */ = {
			isa = PBXResourcesBuildPhase;
			buildActionMask = 2147483647;
			files = (
			);
			runOnlyForDeploymentPostprocessing = 0;
		};
		B231F8A120417DD700728E63 /* Resources */ = {
			isa = PBXResourcesBuildPhase;
			buildActionMask = 2147483647;
			files = (
			);
			runOnlyForDeploymentPostprocessing = 0;
		};
/* End PBXResourcesBuildPhase section */

/* Begin PBXSourcesBuildPhase section */
		17F60EAA200D9D760013C826 /* Sources */ = {
			isa = PBXSourcesBuildPhase;
			buildActionMask = 2147483647;
			files = (
				B231F8992041785A00728E63 /* ABTestKeyProtocol.swift in Sources */,
				B231F8972041785A00728E63 /* ABTestProtocol.swift in Sources */,
				B231F8982041785A00728E63 /* ABTestObjectProtocol.swift in Sources */,
				B231F8962041785A00728E63 /* ABTestPatternProtocol.swift in Sources */,
			);
			runOnlyForDeploymentPostprocessing = 0;
		};
		17F60EB4200D9D760013C826 /* Sources */ = {
			isa = PBXSourcesBuildPhase;
			buildActionMask = 2147483647;
			files = (
				17F60EBE200D9D760013C826 /* YebiswTests.swift in Sources */,
			);
			runOnlyForDeploymentPostprocessing = 0;
		};
		B231F89E20417DD700728E63 /* Sources */ = {
			isa = PBXSourcesBuildPhase;
			buildActionMask = 2147483647;
			files = (
			);
			runOnlyForDeploymentPostprocessing = 0;
		};
		B231F8BA20417E2E00728E63 /* Sources */ = {
			isa = PBXSourcesBuildPhase;
			buildActionMask = 2147483647;
			files = (
				B231F8CF204180E600728E63 /* main.swift in Sources */,
			);
			runOnlyForDeploymentPostprocessing = 0;
		};
/* End PBXSourcesBuildPhase section */

/* Begin PBXTargetDependency section */
		17F60EBB200D9D760013C826 /* PBXTargetDependency */ = {
			isa = PBXTargetDependency;
			target = 17F60EAE200D9D760013C826 /* Yebisw */;
			targetProxy = 17F60EBA200D9D760013C826 /* PBXContainerItemProxy */;
		};
/* End PBXTargetDependency section */

/* Begin XCBuildConfiguration section */
		17F60EC1200D9D760013C826 /* Debug */ = {
			isa = XCBuildConfiguration;
			buildSettings = {
				ALWAYS_SEARCH_USER_PATHS = NO;
				CLANG_ANALYZER_NONNULL = YES;
				CLANG_ANALYZER_NUMBER_OBJECT_CONVERSION = YES_AGGRESSIVE;
				CLANG_CXX_LANGUAGE_STANDARD = "gnu++14";
				CLANG_CXX_LIBRARY = "libc++";
				CLANG_ENABLE_MODULES = YES;
				CLANG_ENABLE_OBJC_ARC = YES;
				CLANG_WARN_BLOCK_CAPTURE_AUTORELEASING = YES;
				CLANG_WARN_BOOL_CONVERSION = YES;
				CLANG_WARN_COMMA = YES;
				CLANG_WARN_CONSTANT_CONVERSION = YES;
				CLANG_WARN_DIRECT_OBJC_ISA_USAGE = YES_ERROR;
				CLANG_WARN_DOCUMENTATION_COMMENTS = YES;
				CLANG_WARN_EMPTY_BODY = YES;
				CLANG_WARN_ENUM_CONVERSION = YES;
				CLANG_WARN_INFINITE_RECURSION = YES;
				CLANG_WARN_INT_CONVERSION = YES;
				CLANG_WARN_NON_LITERAL_NULL_CONVERSION = YES;
				CLANG_WARN_OBJC_LITERAL_CONVERSION = YES;
				CLANG_WARN_OBJC_ROOT_CLASS = YES_ERROR;
				CLANG_WARN_RANGE_LOOP_ANALYSIS = YES;
				CLANG_WARN_STRICT_PROTOTYPES = YES;
				CLANG_WARN_SUSPICIOUS_MOVE = YES;
				CLANG_WARN_UNGUARDED_AVAILABILITY = YES_AGGRESSIVE;
				CLANG_WARN_UNREACHABLE_CODE = YES;
				CLANG_WARN__DUPLICATE_METHOD_MATCH = YES;
				CODE_SIGN_IDENTITY = "iPhone Developer";
				COPY_PHASE_STRIP = NO;
				CURRENT_PROJECT_VERSION = 1;
				DEBUG_INFORMATION_FORMAT = dwarf;
				ENABLE_STRICT_OBJC_MSGSEND = YES;
				ENABLE_TESTABILITY = YES;
				GCC_C_LANGUAGE_STANDARD = gnu11;
				GCC_DYNAMIC_NO_PIC = NO;
				GCC_NO_COMMON_BLOCKS = YES;
				GCC_OPTIMIZATION_LEVEL = 0;
				GCC_PREPROCESSOR_DEFINITIONS = (
					"DEBUG=1",
					"$(inherited)",
				);
				GCC_WARN_64_TO_32_BIT_CONVERSION = YES;
				GCC_WARN_ABOUT_RETURN_TYPE = YES_ERROR;
				GCC_WARN_UNDECLARED_SELECTOR = YES;
				GCC_WARN_UNINITIALIZED_AUTOS = YES_AGGRESSIVE;
				GCC_WARN_UNUSED_FUNCTION = YES;
				GCC_WARN_UNUSED_VARIABLE = YES;
				IPHONEOS_DEPLOYMENT_TARGET = 11.0;
				MTL_ENABLE_DEBUG_INFO = YES;
				ONLY_ACTIVE_ARCH = YES;
				SDKROOT = iphoneos;
				SWIFT_ACTIVE_COMPILATION_CONDITIONS = DEBUG;
				SWIFT_OPTIMIZATION_LEVEL = "-Onone";
				VERSIONING_SYSTEM = "apple-generic";
				VERSION_INFO_PREFIX = "";
			};
			name = Debug;
		};
		17F60EC2200D9D760013C826 /* Release */ = {
			isa = XCBuildConfiguration;
			buildSettings = {
				ALWAYS_SEARCH_USER_PATHS = NO;
				CLANG_ANALYZER_NONNULL = YES;
				CLANG_ANALYZER_NUMBER_OBJECT_CONVERSION = YES_AGGRESSIVE;
				CLANG_CXX_LANGUAGE_STANDARD = "gnu++14";
				CLANG_CXX_LIBRARY = "libc++";
				CLANG_ENABLE_MODULES = YES;
				CLANG_ENABLE_OBJC_ARC = YES;
				CLANG_WARN_BLOCK_CAPTURE_AUTORELEASING = YES;
				CLANG_WARN_BOOL_CONVERSION = YES;
				CLANG_WARN_COMMA = YES;
				CLANG_WARN_CONSTANT_CONVERSION = YES;
				CLANG_WARN_DIRECT_OBJC_ISA_USAGE = YES_ERROR;
				CLANG_WARN_DOCUMENTATION_COMMENTS = YES;
				CLANG_WARN_EMPTY_BODY = YES;
				CLANG_WARN_ENUM_CONVERSION = YES;
				CLANG_WARN_INFINITE_RECURSION = YES;
				CLANG_WARN_INT_CONVERSION = YES;
				CLANG_WARN_NON_LITERAL_NULL_CONVERSION = YES;
				CLANG_WARN_OBJC_LITERAL_CONVERSION = YES;
				CLANG_WARN_OBJC_ROOT_CLASS = YES_ERROR;
				CLANG_WARN_RANGE_LOOP_ANALYSIS = YES;
				CLANG_WARN_STRICT_PROTOTYPES = YES;
				CLANG_WARN_SUSPICIOUS_MOVE = YES;
				CLANG_WARN_UNGUARDED_AVAILABILITY = YES_AGGRESSIVE;
				CLANG_WARN_UNREACHABLE_CODE = YES;
				CLANG_WARN__DUPLICATE_METHOD_MATCH = YES;
				CODE_SIGN_IDENTITY = "iPhone Developer";
				COPY_PHASE_STRIP = NO;
				CURRENT_PROJECT_VERSION = 1;
				DEBUG_INFORMATION_FORMAT = "dwarf-with-dsym";
				ENABLE_NS_ASSERTIONS = NO;
				ENABLE_STRICT_OBJC_MSGSEND = YES;
				GCC_C_LANGUAGE_STANDARD = gnu11;
				GCC_NO_COMMON_BLOCKS = YES;
				GCC_WARN_64_TO_32_BIT_CONVERSION = YES;
				GCC_WARN_ABOUT_RETURN_TYPE = YES_ERROR;
				GCC_WARN_UNDECLARED_SELECTOR = YES;
				GCC_WARN_UNINITIALIZED_AUTOS = YES_AGGRESSIVE;
				GCC_WARN_UNUSED_FUNCTION = YES;
				GCC_WARN_UNUSED_VARIABLE = YES;
				IPHONEOS_DEPLOYMENT_TARGET = 11.0;
				MTL_ENABLE_DEBUG_INFO = NO;
				SDKROOT = iphoneos;
				SWIFT_OPTIMIZATION_LEVEL = "-Owholemodule";
				VALIDATE_PRODUCT = YES;
				VERSIONING_SYSTEM = "apple-generic";
				VERSION_INFO_PREFIX = "";
			};
			name = Release;
		};
		17F60EC4200D9D760013C826 /* Debug */ = {
			isa = XCBuildConfiguration;
			buildSettings = {
				CLANG_ENABLE_MODULES = YES;
				CODE_SIGN_IDENTITY = "";
				CODE_SIGN_STYLE = Automatic;
				DEFINES_MODULE = YES;
				DEVELOPMENT_TEAM = 8M5XC3X994;
				DYLIB_COMPATIBILITY_VERSION = 1;
				DYLIB_CURRENT_VERSION = 1;
				DYLIB_INSTALL_NAME_BASE = "@rpath";
				INFOPLIST_FILE = "$(SRCROOT)/SupportingFiles/Yebisw-Info.plist";
				INSTALL_PATH = "$(LOCAL_LIBRARY_DIR)/Frameworks";
				LD_RUNPATH_SEARCH_PATHS = "$(inherited) @executable_path/Frameworks @loader_path/Frameworks";
				PRODUCT_BUNDLE_IDENTIFIER = gaopin1534.Yebisw;
				PRODUCT_NAME = "$(TARGET_NAME:c99extidentifier)";
				SKIP_INSTALL = YES;
				SWIFT_OPTIMIZATION_LEVEL = "-Onone";
				SWIFT_VERSION = 3.0;
				TARGETED_DEVICE_FAMILY = "1,2";
			};
			name = Debug;
		};
		17F60EC5200D9D760013C826 /* Release */ = {
			isa = XCBuildConfiguration;
			buildSettings = {
				CLANG_ENABLE_MODULES = YES;
				CODE_SIGN_IDENTITY = "";
				CODE_SIGN_STYLE = Automatic;
				DEFINES_MODULE = YES;
				DEVELOPMENT_TEAM = 8M5XC3X994;
				DYLIB_COMPATIBILITY_VERSION = 1;
				DYLIB_CURRENT_VERSION = 1;
				DYLIB_INSTALL_NAME_BASE = "@rpath";
				INFOPLIST_FILE = "$(SRCROOT)/SupportingFiles/Yebisw-Info.plist";
				INSTALL_PATH = "$(LOCAL_LIBRARY_DIR)/Frameworks";
				LD_RUNPATH_SEARCH_PATHS = "$(inherited) @executable_path/Frameworks @loader_path/Frameworks";
				PRODUCT_BUNDLE_IDENTIFIER = gaopin1534.Yebisw;
				PRODUCT_NAME = "$(TARGET_NAME:c99extidentifier)";
				SKIP_INSTALL = YES;
				SWIFT_VERSION = 3.0;
				TARGETED_DEVICE_FAMILY = "1,2";
			};
			name = Release;
		};
		17F60EC7200D9D760013C826 /* Debug */ = {
			isa = XCBuildConfiguration;
			buildSettings = {
				ALWAYS_EMBED_SWIFT_STANDARD_LIBRARIES = YES;
				CODE_SIGN_STYLE = Automatic;
				DEVELOPMENT_TEAM = 4DX8QB5HYZ;
				INFOPLIST_FILE = YebiswTests/Info.plist;
				LD_RUNPATH_SEARCH_PATHS = "$(inherited) @executable_path/Frameworks @loader_path/Frameworks";
				PRODUCT_BUNDLE_IDENTIFIER = gaopin1534.YebiswTests;
				PRODUCT_NAME = "$(TARGET_NAME)";
				SWIFT_VERSION = 4.0;
				TARGETED_DEVICE_FAMILY = "1,2";
			};
			name = Debug;
		};
		17F60EC8200D9D760013C826 /* Release */ = {
			isa = XCBuildConfiguration;
			buildSettings = {
				ALWAYS_EMBED_SWIFT_STANDARD_LIBRARIES = YES;
				CODE_SIGN_STYLE = Automatic;
				DEVELOPMENT_TEAM = 4DX8QB5HYZ;
				INFOPLIST_FILE = YebiswTests/Info.plist;
				LD_RUNPATH_SEARCH_PATHS = "$(inherited) @executable_path/Frameworks @loader_path/Frameworks";
				PRODUCT_BUNDLE_IDENTIFIER = gaopin1534.YebiswTests;
				PRODUCT_NAME = "$(TARGET_NAME)";
				SWIFT_VERSION = 4.0;
				TARGETED_DEVICE_FAMILY = "1,2";
			};
			name = Release;
		};
		B231F8B520417DD800728E63 /* Debug */ = {
			isa = XCBuildConfiguration;
			buildSettings = {
				CODE_SIGN_IDENTITY = "-";
				CODE_SIGN_STYLE = Automatic;
				COMBINE_HIDPI_IMAGES = YES;
				DEFINES_MODULE = YES;
				DYLIB_COMPATIBILITY_VERSION = 1;
				DYLIB_CURRENT_VERSION = 1;
				DYLIB_INSTALL_NAME_BASE = "@rpath";
				FRAMEWORK_VERSION = A;
				INFOPLIST_FILE = YebiswGenSupport/Info.plist;
				INSTALL_PATH = "$(LOCAL_LIBRARY_DIR)/Frameworks";
				LD_RUNPATH_SEARCH_PATHS = "$(inherited) @executable_path/../Frameworks @loader_path/Frameworks";
				MACOSX_DEPLOYMENT_TARGET = 10.13;
				PRODUCT_BUNDLE_IDENTIFIER = "-gaopin1534.YebiswGenSupport";
				PRODUCT_NAME = "$(TARGET_NAME:c99extidentifier)";
				SDKROOT = macosx;
				SKIP_INSTALL = YES;
				SWIFT_VERSION = 4.0;
			};
			name = Debug;
		};
		B231F8B620417DD800728E63 /* Release */ = {
			isa = XCBuildConfiguration;
			buildSettings = {
				CODE_SIGN_IDENTITY = "-";
				CODE_SIGN_STYLE = Automatic;
				COMBINE_HIDPI_IMAGES = YES;
				DEFINES_MODULE = YES;
				DYLIB_COMPATIBILITY_VERSION = 1;
				DYLIB_CURRENT_VERSION = 1;
				DYLIB_INSTALL_NAME_BASE = "@rpath";
				FRAMEWORK_VERSION = A;
				INFOPLIST_FILE = YebiswGenSupport/Info.plist;
				INSTALL_PATH = "$(LOCAL_LIBRARY_DIR)/Frameworks";
				LD_RUNPATH_SEARCH_PATHS = "$(inherited) @executable_path/../Frameworks @loader_path/Frameworks";
				MACOSX_DEPLOYMENT_TARGET = 10.13;
				PRODUCT_BUNDLE_IDENTIFIER = "-gaopin1534.YebiswGenSupport";
				PRODUCT_NAME = "$(TARGET_NAME:c99extidentifier)";
				SDKROOT = macosx;
				SKIP_INSTALL = YES;
				SWIFT_VERSION = 4.0;
			};
			name = Release;
		};
		B231F8C320417E2E00728E63 /* Debug */ = {
			isa = XCBuildConfiguration;
			buildSettings = {
				CLANG_ENABLE_MODULES = YES;
				CODE_SIGN_IDENTITY = "-";
				CODE_SIGN_STYLE = Automatic;
				LD_RUNPATH_SEARCH_PATHS = "$(inherited) @executable_path/../Frameworks @loader_path/../Frameworks";
				MACOSX_DEPLOYMENT_TARGET = 10.13;
				PRODUCT_NAME = "$(TARGET_NAME)";
				SDKROOT = macosx;
				SWIFT_OPTIMIZATION_LEVEL = "-Onone";
				SWIFT_VERSION = 4.0;
			};
			name = Debug;
		};
		B231F8C420417E2E00728E63 /* Release */ = {
			isa = XCBuildConfiguration;
			buildSettings = {
				CLANG_ENABLE_MODULES = YES;
				CODE_SIGN_IDENTITY = "-";
				CODE_SIGN_STYLE = Automatic;
				LD_RUNPATH_SEARCH_PATHS = "$(inherited) @executable_path/../Frameworks @loader_path/../Frameworks";
				MACOSX_DEPLOYMENT_TARGET = 10.13;
				PRODUCT_NAME = "$(TARGET_NAME)";
				SDKROOT = macosx;
				SWIFT_VERSION = 4.0;
			};
			name = Release;
		};
/* End XCBuildConfiguration section */

/* Begin XCConfigurationList section */
		17F60EA9200D9D760013C826 /* Build configuration list for PBXProject "Yebisw" */ = {
			isa = XCConfigurationList;
			buildConfigurations = (
				17F60EC1200D9D760013C826 /* Debug */,
				17F60EC2200D9D760013C826 /* Release */,
			);
			defaultConfigurationIsVisible = 0;
			defaultConfigurationName = Release;
		};
		17F60EC3200D9D760013C826 /* Build configuration list for PBXNativeTarget "Yebisw" */ = {
			isa = XCConfigurationList;
			buildConfigurations = (
				17F60EC4200D9D760013C826 /* Debug */,
				17F60EC5200D9D760013C826 /* Release */,
			);
			defaultConfigurationIsVisible = 0;
			defaultConfigurationName = Release;
		};
		17F60EC6200D9D760013C826 /* Build configuration list for PBXNativeTarget "YebiswTests" */ = {
			isa = XCConfigurationList;
			buildConfigurations = (
				17F60EC7200D9D760013C826 /* Debug */,
				17F60EC8200D9D760013C826 /* Release */,
			);
			defaultConfigurationIsVisible = 0;
			defaultConfigurationName = Release;
		};
		B231F8B420417DD800728E63 /* Build configuration list for PBXNativeTarget "YebiswGenSupport" */ = {
			isa = XCConfigurationList;
			buildConfigurations = (
				B231F8B520417DD800728E63 /* Debug */,
				B231F8B620417DD800728E63 /* Release */,
			);
			defaultConfigurationIsVisible = 0;
			defaultConfigurationName = Release;
		};
		B231F8C220417E2E00728E63 /* Build configuration list for PBXNativeTarget "yebiswgen" */ = {
			isa = XCConfigurationList;
			buildConfigurations = (
				B231F8C320417E2E00728E63 /* Debug */,
				B231F8C420417E2E00728E63 /* Release */,
			);
			defaultConfigurationIsVisible = 0;
			defaultConfigurationName = Release;
		};
/* End XCConfigurationList section */
	};
	rootObject = 17F60EA6200D9D760013C826 /* Project object */;
}
